PODS:
  - Alamofire (4.7.3)
  - AsyncSwift (2.0.4)
  - Atributika (4.6.7)
  - BadgeSwift (7.0.0)
  - DifferenceKit (0.7.2):
    - DifferenceKit/Core (= 0.7.2)
    - DifferenceKit/UIKitExtension (= 0.7.2)
  - DifferenceKit/Core (0.7.2)
  - DifferenceKit/UIKitExtension (0.7.2):
    - DifferenceKit/Core
  - Differentiator (3.1.0)
  - Hero (1.4.0)
  - Hue (3.0.1)
  - Kingfisher (4.10.1)
  - Mockingjay (2.0.1):
    - Mockingjay/Core (= 2.0.1)
    - Mockingjay/XCTest (= 2.0.1)
  - Mockingjay/Core (2.0.1):
    - URITemplate (~> 2.0)
  - Mockingjay/XCTest (2.0.1):
    - Mockingjay/Core
  - Moya/Core (11.0.2):
    - Alamofire (~> 4.1)
    - Result (~> 3.0)
  - Moya/RxSwift (11.0.2):
    - Moya/Core
    - RxSwift (~> 4.0)
  - NewPopMenu (2.1.1)
  - Nimble (7.3.1)
  - "NSObject+Rx (4.4.1)":
    - RxSwift (~> 4.3)
  - ObjectMapper (3.3.0)
  - PKHUD (5.2.0)
  - Quick (1.3.2)
  - Result (3.2.4)
  - RxAlamofire (4.3.0):
    - RxAlamofire/Core (= 4.3.0)
  - RxAlamofire/Core (4.3.0):
    - Alamofire (~> 4.5)
    - RxSwift (~> 4)
  - RxAnimated (0.5.0):
    - RxAnimated/Core (= 0.5.0)
    - RxCocoa (~> 4.3)
    - RxSwift (~> 4.3)
  - RxAnimated/Core (0.5.0):
    - RxCocoa (~> 4.3)
    - RxSwift (~> 4.3)
  - RxAtomic (4.4.0)
  - RxCocoa (4.4.0):
    - RxSwift (~> 4.0)
  - RxDataSources (3.1.0):
    - Differentiator (~> 3.0)
    - RxCocoa (~> 4.0)
    - RxSwift (~> 4.0)
  - RxFlow (1.6.1):
    - RxCocoa (>= 4.3.0)
    - RxSwift (>= 4.3.0)
  - RxGesture (2.1.0):
    - RxCocoa (~> 4.4.0)
    - RxSwift (~> 4.4.0)
  - RxKeyboard (0.9.0):
    - RxCocoa (>= 4.3.1)
    - RxSwift (>= 4.3.1)
  - RxOptional (3.5.0):
    - RxCocoa (~> 4.0)
    - RxSwift (~> 4.0)
  - RxSwift (4.4.0):
    - RxAtomic (~> 4.4)
  - SkeletonView (1.4.1)
  - SnapKit (4.2.0)
  - SwiftDate (5.0.13)
  - SwiftMessages (6.0.0):
    - SwiftMessages/App (= 6.0.0)
  - SwiftMessages/App (6.0.0)
  - SwiftSoup (1.7.4)
  - SwiftyJSON (4.2.0)
  - Swinject (2.5.0)
  - URITemplate (2.0.3)
  - WeakableSelf (1.1.1)

DEPENDENCIES:
  - AsyncSwift
  - Atributika
  - BadgeSwift
  - DifferenceKit
  - Hero
  - Hue
  - Kingfisher
  - Mockingjay
  - Moya/RxSwift
  - NewPopMenu
  - Nimble
  - "NSObject+Rx"
  - ObjectMapper
  - PKHUD
  - Quick
  - RxAlamofire
  - RxAnimated
  - RxCocoa (~> 4.0)
  - RxDataSources
  - RxFlow
  - RxGesture
  - RxKeyboard
  - RxOptional
  - RxSwift (~> 4.0)
  - SkeletonView
  - SnapKit
  - SwiftDate
  - SwiftMessages
  - SwiftSoup
  - SwiftyJSON
  - Swinject
  - WeakableSelf

SPEC REPOS:
  https://github.com/cocoapods/specs.git:
    - Alamofire
    - AsyncSwift
    - Atributika
    - BadgeSwift
    - DifferenceKit
    - Differentiator
    - Hero
    - Hue
    - Kingfisher
    - Mockingjay
    - Moya
    - NewPopMenu
    - Nimble
    - "NSObject+Rx"
    - ObjectMapper
    - PKHUD
    - Quick
    - Result
    - RxAlamofire
    - RxAnimated
    - RxAtomic
    - RxCocoa
    - RxDataSources
    - RxFlow
    - RxGesture
    - RxKeyboard
    - RxOptional
    - RxSwift
    - SkeletonView
    - SnapKit
    - SwiftDate
    - SwiftMessages
    - SwiftSoup
    - SwiftyJSON
    - Swinject
    - URITemplate
    - WeakableSelf

SPEC CHECKSUMS:
  Alamofire: c7287b6e5d7da964a70935e5db17046b7fde6568
  AsyncSwift: 65775a7b32e740609b24969ece3de58723b9dc3e
  Atributika: 01164ef4e8a0103c879f7499a7de8902385d8bf9
  BadgeSwift: 5cfacfad916d85e2f68d93dbb9ade4e9555903da
  DifferenceKit: 5179eaf0e76a1b9fbaeb93f4c1a82510be63ca65
  Differentiator: be49ca3408f0ecfc761e4c7763d20c62be01b9ad
  Hero: bac92350d7201a1a940003e0767c7b52ce7c99a1
  Hue: 93e852fa6211ab35922ad8c293f51c43d6c79eb2
  Kingfisher: c148cd7b47ebde9989f6bc7c27dcaa79d81279a0
  Mockingjay: 11a621880d2887f1775bdcf824341eb68f218450
  Moya: a725035953bc1c0eb1be505ab903984501d82440
  NewPopMenu: 60d67846a401964dcaa51bffb792f04f6fe2fc76
  Nimble: 04f732da099ea4d153122aec8c2a88fd0c7219ae
  "NSObject+Rx": 9884a92f19b610795c431e10b4e601913b59c9e9
  ObjectMapper: b612bf8c8e99c4dc0bb6013a51f7c27966ed5da9
  PKHUD: dd5357ac65f26115c35c4a68e9b328053326c5fe
  Quick: 2623cb30d7a7f41ca62f684f679586558f483d46
  Result: d2d07204ce72856f1fd9130bbe42c35a7b0fea10
  RxAlamofire: 09624d0f2d48ed8b686e4eb4cf68e28cbd2df556
  RxAnimated: 57a731e59557219480fb3dd86d965d977d863fc6
  RxAtomic: eacf60db868c96bfd63320e28619fe29c179656f
  RxCocoa: df63ebf7b9a70d6b4eeea407ed5dd4efc8979749
  RxDataSources: a843bad90c29817f5923ec8163f4af2de084ceb3
  RxFlow: d5b398955d82bc01c1a43597435e800282c612e0
  RxGesture: 7f6dfb45dbde06e618c24442d38493e3144f2c95
  RxKeyboard: 4f782303f499f41577b41c96c6a9a5d7acd51a47
  RxOptional: bd32ff8ca9df4177683d56ffeb618a9d4d5d5cad
  RxSwift: 5976ecd04fc2fefd648827c23de5e11157faa973
  SkeletonView: 60d6ce7edb0cb4c7758db33c74add50392b3c475
  SnapKit: fe8a619752f3f27075cc9a90244d75c6c3f27e2a
  SwiftDate: f4aea5fa9dee812485f34041121a4cbde01b0dee
  SwiftMessages: da7c981256a65b3e58022d9027a36584cf4eccf5
  SwiftSoup: 92f5b348c131aed8af04f4326db1579ab19fa08c
  SwiftyJSON: c4bcba26dd9ec7a027fc8eade48e2c911f229e96
  Swinject: 82cdb851f63f91bba974e3eca1d69780f2f7677e
  URITemplate: ace0c4c46dcf8afe6e89b4060621852886b15c3b
  WeakableSelf: cf8239c5dfcb9a37ef1be0bd2dfbdaf2fe89eff1

PODFILE CHECKSUM: a8cabef827912ae618f64c20f6273ee7adf302f2

COCOAPODS: 1.5.3
