PODS:
  - ActiveLabel (1.0.1)
  - Alamofire (4.8.2)
  - AsyncSwift (2.0.4)
  - BadgeSwift (7.0.0)
  - Crashlytics (3.12.0):
    - Fabric (~> 1.9.0)
  - DifferenceKit (1.1.1):
    - DifferenceKit/Core (= 1.1.1)
    - DifferenceKit/UIKitExtension (= 1.1.1)
  - DifferenceKit/Core (1.1.1)
  - DifferenceKit/UIKitExtension (1.1.1):
    - DifferenceKit/Core
  - Differentiator (3.1.0)
  - Fabric (1.9.0)
  - Hero (1.4.0)
  - Hue (4.0.0)
  - Kingfisher (5.3.1)
  - LGButton (1.1.6)
  - Mockingjay (2.0.1):
    - Mockingjay/Core (= 2.0.1)
    - Mockingjay/XCTest (= 2.0.1)
  - Mockingjay/Core (2.0.1):
    - URITemplate (~> 2.0)
  - Mockingjay/XCTest (2.0.1):
    - Mockingjay/Core
  - NewPopMenu (2.1.2)
  - Nimble (8.0.1)
  - "NSObject+Rx (4.4.1)":
    - RxSwift (~> 4.3)
  - ObjectMapper (3.4.2)
  - PKHUD (5.2.1)
  - Queuer (2.1.0)
  - Quick (2.0.0)
  - RxAlamofire (4.4.1):
    - RxAlamofire/Core (= 4.4.1)
  - RxAlamofire/Core (4.4.1):
    - Alamofire (~> 4.8)
    - RxSwift (~> 4.5)
  - RxAnimated (0.5.0):
    - RxAnimated/Core (= 0.5.0)
    - RxCocoa (~> 4.3)
    - RxSwift (~> 4.3)
  - RxAnimated/Core (0.5.0):
    - RxCocoa (~> 4.3)
    - RxSwift (~> 4.3)
  - RxCocoa (4.5.0):
    - RxSwift (>= 4.4.2, ~> 4.4)
  - RxDataSources (3.1.0):
    - Differentiator (~> 3.0)
    - RxCocoa (~> 4.0)
    - RxSwift (~> 4.0)
  - RxFlow (2.1.0):
    - RxCocoa (>= 4.5.0)
    - RxSwift (>= 4.5.0)
  - RxGesture (2.2.0):
    - RxCocoa (~> 4.5)
    - RxSwift (~> 4.5)
  - RxKeyboard (0.9.0):
    - RxCocoa (>= 4.3.1)
    - RxSwift (>= 4.3.1)
  - RxOptional (3.6.2):
    - RxCocoa (~> 4.0)
    - RxSwift (~> 4.0)
  - RxSwift (4.5.0)
  - SkeletonView (1.4.2)
  - SnapKit (4.2.0)
  - SwiftDate (6.0.1)
  - SwiftMessages (6.0.2):
    - SwiftMessages/App (= 6.0.2)
  - SwiftMessages/App (6.0.2)
  - SwiftSoup (1.7.4)
  - SwiftyJSON (4.3.0)
  - Swinject (2.6.0)
  - TagListView (1.3.2)
  - URITemplate (2.0.3)
  - WeakableSelf (1.1.1)

DEPENDENCIES:
  - ActiveLabel
  - AsyncSwift
  - BadgeSwift
  - Crashlytics
  - DifferenceKit
  - Fabric
  - Hero
  - Hue
  - Kingfisher
  - LGButton
  - Mockingjay
  - NewPopMenu
  - Nimble
  - "NSObject+Rx"
  - ObjectMapper
  - PKHUD
  - Queuer
  - Quick
  - RxAlamofire
  - RxAnimated
  - RxCocoa (~> 4.0)
  - RxDataSources
  - RxFlow
  - RxGesture
  - RxKeyboard
  - RxOptional
  - RxSwift (~> 4.0)
  - SkeletonView
  - SnapKit
  - SwiftDate
  - SwiftMessages
  - SwiftSoup
  - SwiftyJSON
  - Swinject
  - TagListView
  - WeakableSelf

SPEC REPOS:
  https://github.com/cocoapods/specs.git:
    - ActiveLabel
    - Alamofire
    - AsyncSwift
    - BadgeSwift
    - Crashlytics
    - DifferenceKit
    - Differentiator
    - Fabric
    - Hero
    - Hue
    - Kingfisher
    - LGButton
    - Mockingjay
    - NewPopMenu
    - Nimble
    - "NSObject+Rx"
    - ObjectMapper
    - PKHUD
    - Queuer
    - Quick
    - RxAlamofire
    - RxAnimated
    - RxCocoa
    - RxDataSources
    - RxFlow
    - RxGesture
    - RxKeyboard
    - RxOptional
    - RxSwift
    - SkeletonView
    - SnapKit
    - SwiftDate
    - SwiftMessages
    - SwiftSoup
    - SwiftyJSON
    - Swinject
    - TagListView
    - URITemplate
    - WeakableSelf

SPEC CHECKSUMS:
  ActiveLabel: b8b2396fe25308d563601437d6605bf691c3b5db
  Alamofire: ae5c501addb7afdbb13687d7f2f722c78734c2d3
  AsyncSwift: 65775a7b32e740609b24969ece3de58723b9dc3e
  BadgeSwift: 5cfacfad916d85e2f68d93dbb9ade4e9555903da
  Crashlytics: 07fb167b1694128c1c9a5a5cc319b0e9c3ca0933
  DifferenceKit: cf1b84e2207ea45c3640381cb229cf46c1647466
  Differentiator: be49ca3408f0ecfc761e4c7763d20c62be01b9ad
  Fabric: f988e33c97f08930a413e08123064d2e5f68d655
  Hero: bac92350d7201a1a940003e0767c7b52ce7c99a1
  Hue: afe18b4e819e2848e7d2d5b4b33f4d3f88dd921b
  Kingfisher: d9e7e0b209b59b8f9873aa2f37654e81a7beea51
  LGButton: 9f0a7f9d3030e3f504108342f6b66d64a429371b
  Mockingjay: 11a621880d2887f1775bdcf824341eb68f218450
  NewPopMenu: c6129e08e8192f6257ceb5f9a4357e1b59c6e2e7
  Nimble: 45f786ae66faa9a709624227fae502db55a8bdd0
  "NSObject+Rx": 9884a92f19b610795c431e10b4e601913b59c9e9
  ObjectMapper: 0d4402610f4e468903ae64629eec4784531e5c51
  PKHUD: 4e6162c4c39ac367c6934e9855c6b4762ee16256
  Queuer: db8c76d75902504f0b4c460b641ef6455551330d
  Quick: ce1276c7c27ba2da3cb2fd0cde053c3648b3b22d
  RxAlamofire: ed65f451f5a9a59419b0b9e705043dc01410edd9
  RxAnimated: 57a731e59557219480fb3dd86d965d977d863fc6
  RxCocoa: cbf70265dc65a981d4ac982e513c10cf23df24a0
  RxDataSources: a843bad90c29817f5923ec8163f4af2de084ceb3
  RxFlow: 78df76493bd7fc6a0181014cc2be3f29a2cd54fb
  RxGesture: c1b7bf17166b0ef9d642a9510f8bac5785f18990
  RxKeyboard: 4f782303f499f41577b41c96c6a9a5d7acd51a47
  RxOptional: 80426a0ddbd092573e4c482d8cc13302078c4d5e
  RxSwift: f172070dfd1a93d70a9ab97a5a01166206e1c575
  SkeletonView: c2523c3c8c6510e273e49a3bf364a434744c3914
  SnapKit: fe8a619752f3f27075cc9a90244d75c6c3f27e2a
  SwiftDate: 2b3ef6b8fc30c22391033d1acad5622a51660016
  SwiftMessages: 8b3cc68dba2f1c91aac1a74c90b10287aac35371
  SwiftSoup: 92f5b348c131aed8af04f4326db1579ab19fa08c
  SwiftyJSON: 6faa0040f8b59dead0ee07436cbf76b73c08fd08
  Swinject: 48a96cda93633cf2860697b4ce76ab5db9ebaca2
  TagListView: 0c7e9c26b9aff858224ee6b155f5fcacd9e27c83
  URITemplate: ace0c4c46dcf8afe6e89b4060621852886b15c3b
  WeakableSelf: cf8239c5dfcb9a37ef1be0bd2dfbdaf2fe89eff1

PODFILE CHECKSUM: 089866ff2399c91428690288221004635f8d79fd

COCOAPODS: 1.5.3
