// !$*UTF8*$!
{
	archiveVersion = 1;
	classes = {
	};
	objectVersion = 50;
	objects = {

/* Begin PBXBuildFile section */
		0102C90921DA2A6100C9D3AF /* StringEx.swift in Sources */ = {isa = PBXBuildFile; fileRef = 0102C90821DA2A6100C9D3AF /* StringEx.swift */; };
		0102C90B21DA3F1400C9D3AF /* UIViewEx.swift in Sources */ = {isa = PBXBuildFile; fileRef = 0102C90A21DA3F1400C9D3AF /* UIViewEx.swift */; };
		0102C90D21DA59FE00C9D3AF /* InfinityCollectionViewLayout.swift in Sources */ = {isa = PBXBuildFile; fileRef = 0102C90C21DA59FE00C9D3AF /* InfinityCollectionViewLayout.swift */; };
		010334DE21C4E40400CB3D15 /* LoginModel.swift in Sources */ = {isa = PBXBuildFile; fileRef = 010334DD21C4E40400CB3D15 /* LoginModel.swift */; };
		010334E221C4FAD000CB3D15 /* UIAlertControllerExt.swift in Sources */ = {isa = PBXBuildFile; fileRef = 010334E121C4FAD000CB3D15 /* UIAlertControllerExt.swift */; };
		01036F2521C0217900A3275F /* HTTPCookiePropertyKeyExt.swift in Sources */ = {isa = PBXBuildFile; fileRef = 01036F2421C0217900A3275F /* HTTPCookiePropertyKeyExt.swift */; };
		01038CAD21D0A07100134308 /* InfinityGalleryCell.xib in Resources */ = {isa = PBXBuildFile; fileRef = 01038CAC21D0A07100134308 /* InfinityGalleryCell.xib */; };
		01038CB121D0A94F00134308 /* UITableViewEx.swift in Sources */ = {isa = PBXBuildFile; fileRef = 01038CAF21D0A94F00134308 /* UITableViewEx.swift */; };
		01038CB321D0A9AA00134308 /* UICollectionViewEx.swift in Sources */ = {isa = PBXBuildFile; fileRef = 01038CB221D0A9AA00134308 /* UICollectionViewEx.swift */; };
		01038CB521D0AF7D00134308 /* InfinityGallery.swift in Sources */ = {isa = PBXBuildFile; fileRef = 01038CB421D0AF7D00134308 /* InfinityGallery.swift */; };
		01038CB921D0B5CA00134308 /* InfinityGalleryCell.swift in Sources */ = {isa = PBXBuildFile; fileRef = 01038CB821D0B5CA00134308 /* InfinityGalleryCell.swift */; };
		01038CBB21D0B6AB00134308 /* NSObjectEx.swift in Sources */ = {isa = PBXBuildFile; fileRef = 01038CBA21D0B6AB00134308 /* NSObjectEx.swift */; };
		01038CBD21D11D7900134308 /* GalleryItemModel.swift in Sources */ = {isa = PBXBuildFile; fileRef = 01038CBC21D11D7900134308 /* GalleryItemModel.swift */; };
		01038CBF21D1288000134308 /* InfinityCollectionViewCell.swift in Sources */ = {isa = PBXBuildFile; fileRef = 01038CBE21D1288000134308 /* InfinityCollectionViewCell.swift */; };
		01072F1B21DF9AD7002DA60F /* GalleryPlaceholder.swift in Sources */ = {isa = PBXBuildFile; fileRef = 01072F1A21DF9AD7002DA60F /* GalleryPlaceholder.swift */; };
		01072F1E21DFB1A0002DA60F /* SettingTableViewController.swift in Sources */ = {isa = PBXBuildFile; fileRef = 01072F1D21DFB1A0002DA60F /* SettingTableViewController.swift */; };
		01072F2021DFBA02002DA60F /* SwitchTableViewCell.swift in Sources */ = {isa = PBXBuildFile; fileRef = 01072F1F21DFBA02002DA60F /* SwitchTableViewCell.swift */; };
		01072F2221DFC15A002DA60F /* SettingDetailTableViewController.swift in Sources */ = {isa = PBXBuildFile; fileRef = 01072F2121DFC15A002DA60F /* SettingDetailTableViewController.swift */; };
		01072F2421E06A0B002DA60F /* BrowseRequestModel.swift in Sources */ = {isa = PBXBuildFile; fileRef = 01072F2321E06A0B002DA60F /* BrowseRequestModel.swift */; };
		01072F2621E07017002DA60F /* LoginRequestModel.swift in Sources */ = {isa = PBXBuildFile; fileRef = 01072F2521E07017002DA60F /* LoginRequestModel.swift */; };
		01072F2821E076C1002DA60F /* SettingModel.swift in Sources */ = {isa = PBXBuildFile; fileRef = 01072F2721E076C1002DA60F /* SettingModel.swift */; };
		01072F2A21E1A2CC002DA60F /* NumbersTableViewCell.swift in Sources */ = {isa = PBXBuildFile; fileRef = 01072F2921E1A2CC002DA60F /* NumbersTableViewCell.swift */; };
		01072F2C21E1C155002DA60F /* Queue.swift in Sources */ = {isa = PBXBuildFile; fileRef = 01072F2B21E1C155002DA60F /* Queue.swift */; };
		010B27EA22694BD5002E76AA /* MarginTagListView.swift in Sources */ = {isa = PBXBuildFile; fileRef = 010B27E922694BD5002E76AA /* MarginTagListView.swift */; };
		010B76872266063900CA196C /* CommentCell.swift in Sources */ = {isa = PBXBuildFile; fileRef = 010B76862266063900CA196C /* CommentCell.swift */; };
		010B768922660C0D00CA196C /* ImageCell.swift in Sources */ = {isa = PBXBuildFile; fileRef = 010B768822660C0D00CA196C /* ImageCell.swift */; };
		010B768B22660DF600CA196C /* InfoCell.swift in Sources */ = {isa = PBXBuildFile; fileRef = 010B768A22660DF600CA196C /* InfoCell.swift */; };
		010B768D22660F2F00CA196C /* ContentCell.swift in Sources */ = {isa = PBXBuildFile; fileRef = 010B768C22660F2F00CA196C /* ContentCell.swift */; };
		010B768F22660F7E00CA196C /* SubmissionCellProtocol.swift in Sources */ = {isa = PBXBuildFile; fileRef = 010B768E22660F7E00CA196C /* SubmissionCellProtocol.swift */; };
		010B76912266116900CA196C /* KeywordsCell.swift in Sources */ = {isa = PBXBuildFile; fileRef = 010B76902266116900CA196C /* KeywordsCell.swift */; };
		010D62452261E19700376B72 /* UIViewControllerLoadProtocol.swift in Sources */ = {isa = PBXBuildFile; fileRef = 010D62432261E19600376B72 /* UIViewControllerLoadProtocol.swift */; };
		010D62462261E19700376B72 /* UIViewLoadProtocol.swift in Sources */ = {isa = PBXBuildFile; fileRef = 010D62442261E19600376B72 /* UIViewLoadProtocol.swift */; };
		010D62492261E2E800376B72 /* SubmissionViewController.swift in Sources */ = {isa = PBXBuildFile; fileRef = 010D62482261E2E800376B72 /* SubmissionViewController.swift */; };
		010D625322631AAB00376B72 /* CommentModelSet.swift in Sources */ = {isa = PBXBuildFile; fileRef = 010D625222631AAB00376B72 /* CommentModelSet.swift */; };
		010D625522631AC000376B72 /* CommentModel.swift in Sources */ = {isa = PBXBuildFile; fileRef = 010D625422631AC000376B72 /* CommentModel.swift */; };
		012C6B3121C8CF5700D15168 /* Theme.swift in Sources */ = {isa = PBXBuildFile; fileRef = 012C6B3021C8CF5700D15168 /* Theme.swift */; };
		012C6B4721C9348900D15168 /* MainTabBarController.swift in Sources */ = {isa = PBXBuildFile; fileRef = 012C6B4621C9348900D15168 /* MainTabBarController.swift */; };
		012C6B4921C9352A00D15168 /* MainSearchViewController.swift in Sources */ = {isa = PBXBuildFile; fileRef = 012C6B4821C9352A00D15168 /* MainSearchViewController.swift */; };
		012C6B4B21C9354000D15168 /* MainBrowseViewController.swift in Sources */ = {isa = PBXBuildFile; fileRef = 012C6B4A21C9354000D15168 /* MainBrowseViewController.swift */; };
		012C6B4D21C9355A00D15168 /* MainMyPageViewController.swift in Sources */ = {isa = PBXBuildFile; fileRef = 012C6B4C21C9355A00D15168 /* MainMyPageViewController.swift */; };
		012C6B4F21C9356D00D15168 /* MainNotificationsViewController.swift in Sources */ = {isa = PBXBuildFile; fileRef = 012C6B4E21C9356D00D15168 /* MainNotificationsViewController.swift */; };
		012C6B5121C9357A00D15168 /* MainSubmissionsViewController.swift in Sources */ = {isa = PBXBuildFile; fileRef = 012C6B5021C9357A00D15168 /* MainSubmissionsViewController.swift */; };
		012C6B5621C93B1700D15168 /* InfinityCollectionView.swift in Sources */ = {isa = PBXBuildFile; fileRef = 012C6B5521C93B1700D15168 /* InfinityCollectionView.swift */; };
		012C6B5821C93B9B00D15168 /* MainBaseViewController.swift in Sources */ = {isa = PBXBuildFile; fileRef = 012C6B5721C93B9B00D15168 /* MainBaseViewController.swift */; };
		012C6B5A21CA6A1900D15168 /* Settings.swift in Sources */ = {isa = PBXBuildFile; fileRef = 012C6B5921CA6A1900D15168 /* Settings.swift */; };
		01361D0621C299B900E1B3F4 /* BaseViewController.swift in Sources */ = {isa = PBXBuildFile; fileRef = 01361D0521C299B900E1B3F4 /* BaseViewController.swift */; };
		01361D0A21C29F3B00E1B3F4 /* Parameters.swift in Sources */ = {isa = PBXBuildFile; fileRef = 01361D0921C29F3B00E1B3F4 /* Parameters.swift */; };
		01361D0C21C2B93200E1B3F4 /* Service.swift in Sources */ = {isa = PBXBuildFile; fileRef = 01361D0B21C2B93200E1B3F4 /* Service.swift */; };
		013C801F21E1C463003C8CBB /* Scheduler.swift in Sources */ = {isa = PBXBuildFile; fileRef = 013C801E21E1C463003C8CBB /* Scheduler.swift */; };
		013C802521E1C6E2003C8CBB /* ImageLoadScheduler.swift in Sources */ = {isa = PBXBuildFile; fileRef = 013C802421E1C6E2003C8CBB /* ImageLoadScheduler.swift */; };
		0140696E226C890E000154D7 /* ImageViewerViewController.swift in Sources */ = {isa = PBXBuildFile; fileRef = 0140696D226C890E000154D7 /* ImageViewerViewController.swift */; };
		017334692191D40800298AB1 /* Splash.storyboard in Resources */ = {isa = PBXBuildFile; fileRef = 017334682191D40800298AB1 /* Splash.storyboard */; };
		0173346B2191D43200298AB1 /* Setting.storyboard in Resources */ = {isa = PBXBuildFile; fileRef = 0173346A2191D43200298AB1 /* Setting.storyboard */; };
		0173346D2191D44D00298AB1 /* Notification.storyboard in Resources */ = {isa = PBXBuildFile; fileRef = 0173346C2191D44D00298AB1 /* Notification.storyboard */; };
		0173346F2191D46200298AB1 /* User.storyboard in Resources */ = {isa = PBXBuildFile; fileRef = 0173346E2191D46200298AB1 /* User.storyboard */; };
		017334712191D48F00298AB1 /* Submission.storyboard in Resources */ = {isa = PBXBuildFile; fileRef = 017334702191D48F00298AB1 /* Submission.storyboard */; };
		017334732191D49900298AB1 /* Note.storyboard in Resources */ = {isa = PBXBuildFile; fileRef = 017334722191D49900298AB1 /* Note.storyboard */; };
		017334772191DD3400298AB1 /* SplashViewController.swift in Sources */ = {isa = PBXBuildFile; fileRef = 017334762191DD3400298AB1 /* SplashViewController.swift */; };
		017334792191DDC900298AB1 /* LoginViewController.swift in Sources */ = {isa = PBXBuildFile; fileRef = 017334782191DDC900298AB1 /* LoginViewController.swift */; };
		0173347C2191E26500298AB1 /* UIBarTextField.swift in Sources */ = {isa = PBXBuildFile; fileRef = 0173347B2191E26500298AB1 /* UIBarTextField.swift */; };
		01880C3821F36F8000E8B247 /* SubmissionModel.swift in Sources */ = {isa = PBXBuildFile; fileRef = 01880C3721F36F8000E8B247 /* SubmissionModel.swift */; };
		01908877219321250038A4F4 /* UITextFieldExt.swift in Sources */ = {isa = PBXBuildFile; fileRef = 01908876219321250038A4F4 /* UITextFieldExt.swift */; };
		01B6365021B6A17100991B6F /* Parser.swift in Sources */ = {isa = PBXBuildFile; fileRef = 01B6364F21B6A17100991B6F /* Parser.swift */; };
		01B6365521B6A20000991B6F /* Session.swift in Sources */ = {isa = PBXBuildFile; fileRef = 01B6365421B6A20000991B6F /* Session.swift */; };
		01B6365721B6A2CE00991B6F /* API.swift in Sources */ = {isa = PBXBuildFile; fileRef = 01B6365621B6A2CE00991B6F /* API.swift */; };
		01B878AE2196DE1B00DB88E2 /* reCaptcha.js in Resources */ = {isa = PBXBuildFile; fileRef = 01B878AB2196DE1B00DB88E2 /* reCaptcha.js */; };
		01B878AF2196DE1B00DB88E2 /* ReCaptcha.swift in Sources */ = {isa = PBXBuildFile; fileRef = 01B878AC2196DE1B00DB88E2 /* ReCaptcha.swift */; };
		01E6E45B218ECAE40054F0B1 /* AppDelegate.swift in Sources */ = {isa = PBXBuildFile; fileRef = 01E6E45A218ECAE40054F0B1 /* AppDelegate.swift */; };
		01E6E462218ECAE40054F0B1 /* Main.storyboard in Resources */ = {isa = PBXBuildFile; fileRef = 01E6E460218ECAE40054F0B1 /* Main.storyboard */; };
		01E6E464218ECAE60054F0B1 /* Assets.xcassets in Resources */ = {isa = PBXBuildFile; fileRef = 01E6E463218ECAE60054F0B1 /* Assets.xcassets */; };
		01E6E467218ECAE60054F0B1 /* LaunchScreen.storyboard in Resources */ = {isa = PBXBuildFile; fileRef = 01E6E465218ECAE60054F0B1 /* LaunchScreen.storyboard */; };
		01E6E472218ECAE60054F0B1 /* FA_NOC_iOSTests.swift in Sources */ = {isa = PBXBuildFile; fileRef = 01E6E471218ECAE60054F0B1 /* FA_NOC_iOSTests.swift */; };
		01E6E47D218ECAE60054F0B1 /* FA_NOC_iOSUITests.swift in Sources */ = {isa = PBXBuildFile; fileRef = 01E6E47C218ECAE60054F0B1 /* FA_NOC_iOSUITests.swift */; };
		9E0C1574DC5A08993A29DBB3 /* Pods_FA_NOC_iOSUITests.framework in Frameworks */ = {isa = PBXBuildFile; fileRef = 8E123733BC6A456E184D2735 /* Pods_FA_NOC_iOSUITests.framework */; };
		C852AE3CA57664E44D4B11E1 /* Pods_FA_NOC_iOS.framework in Frameworks */ = {isa = PBXBuildFile; fileRef = 53E483AC54FE98A6E924FA38 /* Pods_FA_NOC_iOS.framework */; };
		E3426DDA499F07560EE355FD /* Pods_FA_NOC_iOSTests.framework in Frameworks */ = {isa = PBXBuildFile; fileRef = 14597936013E91DFF7B56475 /* Pods_FA_NOC_iOSTests.framework */; };
/* End PBXBuildFile section */

/* Begin PBXContainerItemProxy section */
		01E6E46E218ECAE60054F0B1 /* PBXContainerItemProxy */ = {
			isa = PBXContainerItemProxy;
			containerPortal = 01E6E44F218ECAE40054F0B1 /* Project object */;
			proxyType = 1;
			remoteGlobalIDString = 01E6E456218ECAE40054F0B1;
			remoteInfo = "FA-NOC-iOS";
		};
		01E6E479218ECAE60054F0B1 /* PBXContainerItemProxy */ = {
			isa = PBXContainerItemProxy;
			containerPortal = 01E6E44F218ECAE40054F0B1 /* Project object */;
			proxyType = 1;
			remoteGlobalIDString = 01E6E456218ECAE40054F0B1;
			remoteInfo = "FA-NOC-iOS";
		};
/* End PBXContainerItemProxy section */

/* Begin PBXFileReference section */
		0102C90821DA2A6100C9D3AF /* StringEx.swift */ = {isa = PBXFileReference; lastKnownFileType = sourcecode.swift; path = StringEx.swift; sourceTree = "<group>"; };
		0102C90A21DA3F1400C9D3AF /* UIViewEx.swift */ = {isa = PBXFileReference; lastKnownFileType = sourcecode.swift; path = UIViewEx.swift; sourceTree = "<group>"; };
		0102C90C21DA59FE00C9D3AF /* InfinityCollectionViewLayout.swift */ = {isa = PBXFileReference; lastKnownFileType = sourcecode.swift; path = InfinityCollectionViewLayout.swift; sourceTree = "<group>"; };
		010334DD21C4E40400CB3D15 /* LoginModel.swift */ = {isa = PBXFileReference; lastKnownFileType = sourcecode.swift; path = LoginModel.swift; sourceTree = "<group>"; };
		010334E121C4FAD000CB3D15 /* UIAlertControllerExt.swift */ = {isa = PBXFileReference; lastKnownFileType = sourcecode.swift; path = UIAlertControllerExt.swift; sourceTree = "<group>"; };
		01036F2421C0217900A3275F /* HTTPCookiePropertyKeyExt.swift */ = {isa = PBXFileReference; lastKnownFileType = sourcecode.swift; path = HTTPCookiePropertyKeyExt.swift; sourceTree = "<group>"; };
		01038CAC21D0A07100134308 /* InfinityGalleryCell.xib */ = {isa = PBXFileReference; lastKnownFileType = file.xib; path = InfinityGalleryCell.xib; sourceTree = "<group>"; };
		01038CAF21D0A94F00134308 /* UITableViewEx.swift */ = {isa = PBXFileReference; fileEncoding = 4; lastKnownFileType = sourcecode.swift; path = UITableViewEx.swift; sourceTree = "<group>"; };
		01038CB221D0A9AA00134308 /* UICollectionViewEx.swift */ = {isa = PBXFileReference; fileEncoding = 4; lastKnownFileType = sourcecode.swift; path = UICollectionViewEx.swift; sourceTree = "<group>"; };
		01038CB421D0AF7D00134308 /* InfinityGallery.swift */ = {isa = PBXFileReference; lastKnownFileType = sourcecode.swift; path = InfinityGallery.swift; sourceTree = "<group>"; };
		01038CB821D0B5CA00134308 /* InfinityGalleryCell.swift */ = {isa = PBXFileReference; lastKnownFileType = sourcecode.swift; path = InfinityGalleryCell.swift; sourceTree = "<group>"; };
		01038CBA21D0B6AB00134308 /* NSObjectEx.swift */ = {isa = PBXFileReference; lastKnownFileType = sourcecode.swift; path = NSObjectEx.swift; sourceTree = "<group>"; };
		01038CBC21D11D7900134308 /* GalleryItemModel.swift */ = {isa = PBXFileReference; lastKnownFileType = sourcecode.swift; path = GalleryItemModel.swift; sourceTree = "<group>"; };
		01038CBE21D1288000134308 /* InfinityCollectionViewCell.swift */ = {isa = PBXFileReference; fileEncoding = 4; lastKnownFileType = sourcecode.swift; path = InfinityCollectionViewCell.swift; sourceTree = "<group>"; };
		01072F1A21DF9AD7002DA60F /* GalleryPlaceholder.swift */ = {isa = PBXFileReference; lastKnownFileType = sourcecode.swift; path = GalleryPlaceholder.swift; sourceTree = "<group>"; };
		01072F1D21DFB1A0002DA60F /* SettingTableViewController.swift */ = {isa = PBXFileReference; lastKnownFileType = sourcecode.swift; path = SettingTableViewController.swift; sourceTree = "<group>"; };
		01072F1F21DFBA02002DA60F /* SwitchTableViewCell.swift */ = {isa = PBXFileReference; lastKnownFileType = sourcecode.swift; path = SwitchTableViewCell.swift; sourceTree = "<group>"; };
		01072F2121DFC15A002DA60F /* SettingDetailTableViewController.swift */ = {isa = PBXFileReference; lastKnownFileType = sourcecode.swift; path = SettingDetailTableViewController.swift; sourceTree = "<group>"; };
		01072F2321E06A0B002DA60F /* BrowseRequestModel.swift */ = {isa = PBXFileReference; lastKnownFileType = sourcecode.swift; path = BrowseRequestModel.swift; sourceTree = "<group>"; };
		01072F2521E07017002DA60F /* LoginRequestModel.swift */ = {isa = PBXFileReference; lastKnownFileType = sourcecode.swift; path = LoginRequestModel.swift; sourceTree = "<group>"; };
		01072F2721E076C1002DA60F /* SettingModel.swift */ = {isa = PBXFileReference; lastKnownFileType = sourcecode.swift; path = SettingModel.swift; sourceTree = "<group>"; };
		01072F2921E1A2CC002DA60F /* NumbersTableViewCell.swift */ = {isa = PBXFileReference; lastKnownFileType = sourcecode.swift; path = NumbersTableViewCell.swift; sourceTree = "<group>"; };
		01072F2B21E1C155002DA60F /* Queue.swift */ = {isa = PBXFileReference; lastKnownFileType = sourcecode.swift; path = Queue.swift; sourceTree = "<group>"; };
		010B27E922694BD5002E76AA /* MarginTagListView.swift */ = {isa = PBXFileReference; lastKnownFileType = sourcecode.swift; path = MarginTagListView.swift; sourceTree = "<group>"; };
		010B76862266063900CA196C /* CommentCell.swift */ = {isa = PBXFileReference; lastKnownFileType = sourcecode.swift; path = CommentCell.swift; sourceTree = "<group>"; };
		010B768822660C0D00CA196C /* ImageCell.swift */ = {isa = PBXFileReference; lastKnownFileType = sourcecode.swift; path = ImageCell.swift; sourceTree = "<group>"; };
		010B768A22660DF600CA196C /* InfoCell.swift */ = {isa = PBXFileReference; lastKnownFileType = sourcecode.swift; path = InfoCell.swift; sourceTree = "<group>"; };
		010B768C22660F2F00CA196C /* ContentCell.swift */ = {isa = PBXFileReference; lastKnownFileType = sourcecode.swift; path = ContentCell.swift; sourceTree = "<group>"; };
		010B768E22660F7E00CA196C /* SubmissionCellProtocol.swift */ = {isa = PBXFileReference; lastKnownFileType = sourcecode.swift; path = SubmissionCellProtocol.swift; sourceTree = "<group>"; };
		010B76902266116900CA196C /* KeywordsCell.swift */ = {isa = PBXFileReference; lastKnownFileType = sourcecode.swift; path = KeywordsCell.swift; sourceTree = "<group>"; };
		010D62432261E19600376B72 /* UIViewControllerLoadProtocol.swift */ = {isa = PBXFileReference; fileEncoding = 4; lastKnownFileType = sourcecode.swift; path = UIViewControllerLoadProtocol.swift; sourceTree = "<group>"; };
		010D62442261E19600376B72 /* UIViewLoadProtocol.swift */ = {isa = PBXFileReference; fileEncoding = 4; lastKnownFileType = sourcecode.swift; path = UIViewLoadProtocol.swift; sourceTree = "<group>"; };
		010D62482261E2E800376B72 /* SubmissionViewController.swift */ = {isa = PBXFileReference; lastKnownFileType = sourcecode.swift; path = SubmissionViewController.swift; sourceTree = "<group>"; };
		010D625222631AAB00376B72 /* CommentModelSet.swift */ = {isa = PBXFileReference; lastKnownFileType = sourcecode.swift; path = CommentModelSet.swift; sourceTree = "<group>"; };
		010D625422631AC000376B72 /* CommentModel.swift */ = {isa = PBXFileReference; lastKnownFileType = sourcecode.swift; path = CommentModel.swift; sourceTree = "<group>"; };
		012C6B3021C8CF5700D15168 /* Theme.swift */ = {isa = PBXFileReference; lastKnownFileType = sourcecode.swift; path = Theme.swift; sourceTree = "<group>"; };
		012C6B4621C9348900D15168 /* MainTabBarController.swift */ = {isa = PBXFileReference; lastKnownFileType = sourcecode.swift; path = MainTabBarController.swift; sourceTree = "<group>"; };
		012C6B4821C9352A00D15168 /* MainSearchViewController.swift */ = {isa = PBXFileReference; lastKnownFileType = sourcecode.swift; path = MainSearchViewController.swift; sourceTree = "<group>"; };
		012C6B4A21C9354000D15168 /* MainBrowseViewController.swift */ = {isa = PBXFileReference; lastKnownFileType = sourcecode.swift; path = MainBrowseViewController.swift; sourceTree = "<group>"; };
		012C6B4C21C9355A00D15168 /* MainMyPageViewController.swift */ = {isa = PBXFileReference; lastKnownFileType = sourcecode.swift; path = MainMyPageViewController.swift; sourceTree = "<group>"; };
		012C6B4E21C9356D00D15168 /* MainNotificationsViewController.swift */ = {isa = PBXFileReference; lastKnownFileType = sourcecode.swift; path = MainNotificationsViewController.swift; sourceTree = "<group>"; };
		012C6B5021C9357A00D15168 /* MainSubmissionsViewController.swift */ = {isa = PBXFileReference; lastKnownFileType = sourcecode.swift; path = MainSubmissionsViewController.swift; sourceTree = "<group>"; };
		012C6B5521C93B1700D15168 /* InfinityCollectionView.swift */ = {isa = PBXFileReference; lastKnownFileType = sourcecode.swift; path = InfinityCollectionView.swift; sourceTree = "<group>"; };
		012C6B5721C93B9B00D15168 /* MainBaseViewController.swift */ = {isa = PBXFileReference; lastKnownFileType = sourcecode.swift; path = MainBaseViewController.swift; sourceTree = "<group>"; };
		012C6B5921CA6A1900D15168 /* Settings.swift */ = {isa = PBXFileReference; lastKnownFileType = sourcecode.swift; path = Settings.swift; sourceTree = "<group>"; };
		01361D0521C299B900E1B3F4 /* BaseViewController.swift */ = {isa = PBXFileReference; fileEncoding = 4; lastKnownFileType = sourcecode.swift; path = BaseViewController.swift; sourceTree = "<group>"; };
		01361D0921C29F3B00E1B3F4 /* Parameters.swift */ = {isa = PBXFileReference; lastKnownFileType = sourcecode.swift; path = Parameters.swift; sourceTree = "<group>"; };
		01361D0B21C2B93200E1B3F4 /* Service.swift */ = {isa = PBXFileReference; lastKnownFileType = sourcecode.swift; path = Service.swift; sourceTree = "<group>"; };
		013C801E21E1C463003C8CBB /* Scheduler.swift */ = {isa = PBXFileReference; lastKnownFileType = sourcecode.swift; path = Scheduler.swift; sourceTree = "<group>"; };
		013C802421E1C6E2003C8CBB /* ImageLoadScheduler.swift */ = {isa = PBXFileReference; lastKnownFileType = sourcecode.swift; path = ImageLoadScheduler.swift; sourceTree = "<group>"; };
		0140696D226C890E000154D7 /* ImageViewerViewController.swift */ = {isa = PBXFileReference; lastKnownFileType = sourcecode.swift; path = ImageViewerViewController.swift; sourceTree = "<group>"; };
		017334682191D40800298AB1 /* Splash.storyboard */ = {isa = PBXFileReference; lastKnownFileType = file.storyboard; path = Splash.storyboard; sourceTree = "<group>"; };
		0173346A2191D43200298AB1 /* Setting.storyboard */ = {isa = PBXFileReference; lastKnownFileType = file.storyboard; path = Setting.storyboard; sourceTree = "<group>"; };
		0173346C2191D44D00298AB1 /* Notification.storyboard */ = {isa = PBXFileReference; lastKnownFileType = file.storyboard; path = Notification.storyboard; sourceTree = "<group>"; };
		0173346E2191D46200298AB1 /* User.storyboard */ = {isa = PBXFileReference; lastKnownFileType = file.storyboard; path = User.storyboard; sourceTree = "<group>"; };
		017334702191D48F00298AB1 /* Submission.storyboard */ = {isa = PBXFileReference; lastKnownFileType = file.storyboard; path = Submission.storyboard; sourceTree = "<group>"; };
		017334722191D49900298AB1 /* Note.storyboard */ = {isa = PBXFileReference; lastKnownFileType = file.storyboard; path = Note.storyboard; sourceTree = "<group>"; };
		017334762191DD3400298AB1 /* SplashViewController.swift */ = {isa = PBXFileReference; lastKnownFileType = sourcecode.swift; path = SplashViewController.swift; sourceTree = "<group>"; };
		017334782191DDC900298AB1 /* LoginViewController.swift */ = {isa = PBXFileReference; lastKnownFileType = sourcecode.swift; path = LoginViewController.swift; sourceTree = "<group>"; };
		0173347B2191E26500298AB1 /* UIBarTextField.swift */ = {isa = PBXFileReference; lastKnownFileType = sourcecode.swift; path = UIBarTextField.swift; sourceTree = "<group>"; };
		01880C3721F36F8000E8B247 /* SubmissionModel.swift */ = {isa = PBXFileReference; lastKnownFileType = sourcecode.swift; path = SubmissionModel.swift; sourceTree = "<group>"; };
		01908876219321250038A4F4 /* UITextFieldExt.swift */ = {isa = PBXFileReference; lastKnownFileType = sourcecode.swift; path = UITextFieldExt.swift; sourceTree = "<group>"; };
		01B6364F21B6A17100991B6F /* Parser.swift */ = {isa = PBXFileReference; lastKnownFileType = sourcecode.swift; path = Parser.swift; sourceTree = "<group>"; };
		01B6365421B6A20000991B6F /* Session.swift */ = {isa = PBXFileReference; lastKnownFileType = sourcecode.swift; path = Session.swift; sourceTree = "<group>"; };
		01B6365621B6A2CE00991B6F /* API.swift */ = {isa = PBXFileReference; lastKnownFileType = sourcecode.swift; path = API.swift; sourceTree = "<group>"; };
		01B878AB2196DE1B00DB88E2 /* reCaptcha.js */ = {isa = PBXFileReference; fileEncoding = 4; lastKnownFileType = sourcecode.javascript; path = reCaptcha.js; sourceTree = "<group>"; };
		01B878AC2196DE1B00DB88E2 /* ReCaptcha.swift */ = {isa = PBXFileReference; fileEncoding = 4; lastKnownFileType = sourcecode.swift; path = ReCaptcha.swift; sourceTree = "<group>"; };
		01E6E457218ECAE40054F0B1 /* FA-NOC-iOS.app */ = {isa = PBXFileReference; explicitFileType = wrapper.application; includeInIndex = 0; path = "FA-NOC-iOS.app"; sourceTree = BUILT_PRODUCTS_DIR; };
		01E6E45A218ECAE40054F0B1 /* AppDelegate.swift */ = {isa = PBXFileReference; lastKnownFileType = sourcecode.swift; path = AppDelegate.swift; sourceTree = "<group>"; };
		01E6E461218ECAE40054F0B1 /* Base */ = {isa = PBXFileReference; lastKnownFileType = file.storyboard; name = Base; path = Base.lproj/Main.storyboard; sourceTree = "<group>"; };
		01E6E463218ECAE60054F0B1 /* Assets.xcassets */ = {isa = PBXFileReference; lastKnownFileType = folder.assetcatalog; path = Assets.xcassets; sourceTree = "<group>"; };
		01E6E466218ECAE60054F0B1 /* Base */ = {isa = PBXFileReference; lastKnownFileType = file.storyboard; name = Base; path = Base.lproj/LaunchScreen.storyboard; sourceTree = "<group>"; };
		01E6E468218ECAE60054F0B1 /* Info.plist */ = {isa = PBXFileReference; lastKnownFileType = text.plist.xml; path = Info.plist; sourceTree = "<group>"; };
		01E6E46D218ECAE60054F0B1 /* FA-NOC-iOSTests.xctest */ = {isa = PBXFileReference; explicitFileType = wrapper.cfbundle; includeInIndex = 0; path = "FA-NOC-iOSTests.xctest"; sourceTree = BUILT_PRODUCTS_DIR; };
		01E6E471218ECAE60054F0B1 /* FA_NOC_iOSTests.swift */ = {isa = PBXFileReference; lastKnownFileType = sourcecode.swift; path = FA_NOC_iOSTests.swift; sourceTree = "<group>"; };
		01E6E473218ECAE60054F0B1 /* Info.plist */ = {isa = PBXFileReference; lastKnownFileType = text.plist.xml; path = Info.plist; sourceTree = "<group>"; };
		01E6E478218ECAE60054F0B1 /* FA-NOC-iOSUITests.xctest */ = {isa = PBXFileReference; explicitFileType = wrapper.cfbundle; includeInIndex = 0; path = "FA-NOC-iOSUITests.xctest"; sourceTree = BUILT_PRODUCTS_DIR; };
		01E6E47C218ECAE60054F0B1 /* FA_NOC_iOSUITests.swift */ = {isa = PBXFileReference; lastKnownFileType = sourcecode.swift; path = FA_NOC_iOSUITests.swift; sourceTree = "<group>"; };
		01E6E47E218ECAE60054F0B1 /* Info.plist */ = {isa = PBXFileReference; lastKnownFileType = text.plist.xml; path = Info.plist; sourceTree = "<group>"; };
		14597936013E91DFF7B56475 /* Pods_FA_NOC_iOSTests.framework */ = {isa = PBXFileReference; explicitFileType = wrapper.framework; includeInIndex = 0; path = Pods_FA_NOC_iOSTests.framework; sourceTree = BUILT_PRODUCTS_DIR; };
		1611526CF0F460193595D899 /* Pods-FA-NOC-iOSUITests.release.xcconfig */ = {isa = PBXFileReference; includeInIndex = 1; lastKnownFileType = text.xcconfig; name = "Pods-FA-NOC-iOSUITests.release.xcconfig"; path = "Pods/Target Support Files/Pods-FA-NOC-iOSUITests/Pods-FA-NOC-iOSUITests.release.xcconfig"; sourceTree = "<group>"; };
		53E483AC54FE98A6E924FA38 /* Pods_FA_NOC_iOS.framework */ = {isa = PBXFileReference; explicitFileType = wrapper.framework; includeInIndex = 0; path = Pods_FA_NOC_iOS.framework; sourceTree = BUILT_PRODUCTS_DIR; };
		58303402E5F47C0966B2924E /* Pods-FA-NOC-iOS.debug.xcconfig */ = {isa = PBXFileReference; includeInIndex = 1; lastKnownFileType = text.xcconfig; name = "Pods-FA-NOC-iOS.debug.xcconfig"; path = "Pods/Target Support Files/Pods-FA-NOC-iOS/Pods-FA-NOC-iOS.debug.xcconfig"; sourceTree = "<group>"; };
		5CDD2FC6AC64214F67505B68 /* Pods-FA-NOC-iOSUITests.debug.xcconfig */ = {isa = PBXFileReference; includeInIndex = 1; lastKnownFileType = text.xcconfig; name = "Pods-FA-NOC-iOSUITests.debug.xcconfig"; path = "Pods/Target Support Files/Pods-FA-NOC-iOSUITests/Pods-FA-NOC-iOSUITests.debug.xcconfig"; sourceTree = "<group>"; };
		6DFA82266C36AF6C9D9BAFE5 /* Pods-FA-NOC-iOS.release.xcconfig */ = {isa = PBXFileReference; includeInIndex = 1; lastKnownFileType = text.xcconfig; name = "Pods-FA-NOC-iOS.release.xcconfig"; path = "Pods/Target Support Files/Pods-FA-NOC-iOS/Pods-FA-NOC-iOS.release.xcconfig"; sourceTree = "<group>"; };
		8E123733BC6A456E184D2735 /* Pods_FA_NOC_iOSUITests.framework */ = {isa = PBXFileReference; explicitFileType = wrapper.framework; includeInIndex = 0; path = Pods_FA_NOC_iOSUITests.framework; sourceTree = BUILT_PRODUCTS_DIR; };
		E36C5830B7A723DE3DE124E9 /* Pods-FA-NOC-iOSTests.debug.xcconfig */ = {isa = PBXFileReference; includeInIndex = 1; lastKnownFileType = text.xcconfig; name = "Pods-FA-NOC-iOSTests.debug.xcconfig"; path = "Pods/Target Support Files/Pods-FA-NOC-iOSTests/Pods-FA-NOC-iOSTests.debug.xcconfig"; sourceTree = "<group>"; };
		F67324651713376B48CAD1A5 /* Pods-FA-NOC-iOSTests.release.xcconfig */ = {isa = PBXFileReference; includeInIndex = 1; lastKnownFileType = text.xcconfig; name = "Pods-FA-NOC-iOSTests.release.xcconfig"; path = "Pods/Target Support Files/Pods-FA-NOC-iOSTests/Pods-FA-NOC-iOSTests.release.xcconfig"; sourceTree = "<group>"; };
/* End PBXFileReference section */

/* Begin PBXFrameworksBuildPhase section */
		01E6E454218ECAE40054F0B1 /* Frameworks */ = {
			isa = PBXFrameworksBuildPhase;
			buildActionMask = 2147483647;
			files = (
				C852AE3CA57664E44D4B11E1 /* Pods_FA_NOC_iOS.framework in Frameworks */,
			);
			runOnlyForDeploymentPostprocessing = 0;
		};
		01E6E46A218ECAE60054F0B1 /* Frameworks */ = {
			isa = PBXFrameworksBuildPhase;
			buildActionMask = 2147483647;
			files = (
				E3426DDA499F07560EE355FD /* Pods_FA_NOC_iOSTests.framework in Frameworks */,
			);
			runOnlyForDeploymentPostprocessing = 0;
		};
		01E6E475218ECAE60054F0B1 /* Frameworks */ = {
			isa = PBXFrameworksBuildPhase;
			buildActionMask = 2147483647;
			files = (
				9E0C1574DC5A08993A29DBB3 /* Pods_FA_NOC_iOSUITests.framework in Frameworks */,
			);
			runOnlyForDeploymentPostprocessing = 0;
		};
/* End PBXFrameworksBuildPhase section */

/* Begin PBXGroup section */
		010334DC21C4E3E700CB3D15 /* Models */ = {
			isa = PBXGroup;
			children = (
				013C802321E1C4F1003C8CBB /* Setting */,
				013C802221E1C4E5003C8CBB /* Login */,
				01880C3621F36F4D00E8B247 /* Submission */,
			);
			path = Models;
			sourceTree = "<group>";
		};
		01072F1C21DFB174002DA60F /* Setting */ = {
			isa = PBXGroup;
			children = (
				01072F1D21DFB1A0002DA60F /* SettingTableViewController.swift */,
				01072F2121DFC15A002DA60F /* SettingDetailTableViewController.swift */,
			);
			path = Setting;
			sourceTree = "<group>";
		};
		010B7685226605FA00CA196C /* Submisson */ = {
			isa = PBXGroup;
			children = (
				010B768E22660F7E00CA196C /* SubmissionCellProtocol.swift */,
				010B76862266063900CA196C /* CommentCell.swift */,
				010B768822660C0D00CA196C /* ImageCell.swift */,
				010B768A22660DF600CA196C /* InfoCell.swift */,
				010B768C22660F2F00CA196C /* ContentCell.swift */,
				010B76902266116900CA196C /* KeywordsCell.swift */,
			);
			path = Submisson;
			sourceTree = "<group>";
		};
		010D62422261E17300376B72 /* Protocols */ = {
			isa = PBXGroup;
			children = (
				010D62432261E19600376B72 /* UIViewControllerLoadProtocol.swift */,
				010D62442261E19600376B72 /* UIViewLoadProtocol.swift */,
			);
			path = Protocols;
			sourceTree = "<group>";
		};
		010D62472261E2C300376B72 /* Submission */ = {
			isa = PBXGroup;
			children = (
				010D62482261E2E800376B72 /* SubmissionViewController.swift */,
				0140696D226C890E000154D7 /* ImageViewerViewController.swift */,
			);
			path = Submission;
			sourceTree = "<group>";
		};
		012C6B2F21C8CE4900D15168 /* Core */ = {
			isa = PBXGroup;
			children = (
				013C802021E1C46F003C8CBB /* Data structure */,
				01361D0921C29F3B00E1B3F4 /* Parameters.swift */,
				01B6365421B6A20000991B6F /* Session.swift */,
				01361D0B21C2B93200E1B3F4 /* Service.swift */,
				01B6364F21B6A17100991B6F /* Parser.swift */,
				01B6365621B6A2CE00991B6F /* API.swift */,
				012C6B3021C8CF5700D15168 /* Theme.swift */,
				012C6B5921CA6A1900D15168 /* Settings.swift */,
				013C801E21E1C463003C8CBB /* Scheduler.swift */,
				013C802421E1C6E2003C8CBB /* ImageLoadScheduler.swift */,
				010334DC21C4E3E700CB3D15 /* Models */,
			);
			path = Core;
			sourceTree = "<group>";
		};
		012C6B5221C9375900D15168 /* Main */ = {
			isa = PBXGroup;
			children = (
				012C6B4621C9348900D15168 /* MainTabBarController.swift */,
				012C6B5721C93B9B00D15168 /* MainBaseViewController.swift */,
				012C6B4A21C9354000D15168 /* MainBrowseViewController.swift */,
				012C6B4821C9352A00D15168 /* MainSearchViewController.swift */,
				012C6B4C21C9355A00D15168 /* MainMyPageViewController.swift */,
				012C6B4E21C9356D00D15168 /* MainNotificationsViewController.swift */,
				012C6B5021C9357A00D15168 /* MainSubmissionsViewController.swift */,
			);
			path = Main;
			sourceTree = "<group>";
		};
		012C6B5321C9376C00D15168 /* Splash */ = {
			isa = PBXGroup;
			children = (
				017334762191DD3400298AB1 /* SplashViewController.swift */,
				017334782191DDC900298AB1 /* LoginViewController.swift */,
			);
			path = Splash;
			sourceTree = "<group>";
		};
		012C6B5421C93AB200D15168 /* Modules */ = {
			isa = PBXGroup;
			children = (
				013C802121E1C4AF003C8CBB /* InfinityGallery */,
			);
			path = Modules;
			sourceTree = "<group>";
		};
		013C802021E1C46F003C8CBB /* Data structure */ = {
			isa = PBXGroup;
			children = (
				01072F2B21E1C155002DA60F /* Queue.swift */,
			);
			path = "Data structure";
			sourceTree = "<group>";
		};
		013C802121E1C4AF003C8CBB /* InfinityGallery */ = {
			isa = PBXGroup;
			children = (
				012C6B5521C93B1700D15168 /* InfinityCollectionView.swift */,
				0102C90C21DA59FE00C9D3AF /* InfinityCollectionViewLayout.swift */,
				01038CBE21D1288000134308 /* InfinityCollectionViewCell.swift */,
				01038CB421D0AF7D00134308 /* InfinityGallery.swift */,
				01038CAC21D0A07100134308 /* InfinityGalleryCell.xib */,
				01038CB821D0B5CA00134308 /* InfinityGalleryCell.swift */,
				01038CBC21D11D7900134308 /* GalleryItemModel.swift */,
				01072F1A21DF9AD7002DA60F /* GalleryPlaceholder.swift */,
			);
			path = InfinityGallery;
			sourceTree = "<group>";
		};
		013C802221E1C4E5003C8CBB /* Login */ = {
			isa = PBXGroup;
			children = (
				010334DD21C4E40400CB3D15 /* LoginModel.swift */,
				01072F2521E07017002DA60F /* LoginRequestModel.swift */,
			);
			path = Login;
			sourceTree = "<group>";
		};
		013C802321E1C4F1003C8CBB /* Setting */ = {
			isa = PBXGroup;
			children = (
				01072F2721E076C1002DA60F /* SettingModel.swift */,
				01072F2321E06A0B002DA60F /* BrowseRequestModel.swift */,
			);
			path = Setting;
			sourceTree = "<group>";
		};
		017334642191D3A900298AB1 /* Storyboards */ = {
			isa = PBXGroup;
			children = (
				01E6E465218ECAE60054F0B1 /* LaunchScreen.storyboard */,
				017334682191D40800298AB1 /* Splash.storyboard */,
				01E6E460218ECAE40054F0B1 /* Main.storyboard */,
				0173346A2191D43200298AB1 /* Setting.storyboard */,
				0173346C2191D44D00298AB1 /* Notification.storyboard */,
				0173346E2191D46200298AB1 /* User.storyboard */,
				017334702191D48F00298AB1 /* Submission.storyboard */,
				017334722191D49900298AB1 /* Note.storyboard */,
			);
			path = Storyboards;
			sourceTree = "<group>";
		};
		017334652191D3B400298AB1 /* Sources */ = {
			isa = PBXGroup;
			children = (
				010D62422261E17300376B72 /* Protocols */,
				01E6E45A218ECAE40054F0B1 /* AppDelegate.swift */,
				012C6B2F21C8CE4900D15168 /* Core */,
				0173347A2191E22600298AB1 /* UICustom */,
				01B878A92196DDCC00DB88E2 /* Utils */,
				01908875219320E30038A4F4 /* Extensions */,
				017334672191D3E500298AB1 /* ViewControllers */,
			);
			path = Sources;
			sourceTree = "<group>";
		};
		017334662191D3BF00298AB1 /* Info */ = {
			isa = PBXGroup;
			children = (
				01E6E468218ECAE60054F0B1 /* Info.plist */,
			);
			path = Info;
			sourceTree = "<group>";
		};
		017334672191D3E500298AB1 /* ViewControllers */ = {
			isa = PBXGroup;
			children = (
				01361D0521C299B900E1B3F4 /* BaseViewController.swift */,
				010D62472261E2C300376B72 /* Submission */,
				012C6B5421C93AB200D15168 /* Modules */,
				012C6B5321C9376C00D15168 /* Splash */,
				012C6B5221C9375900D15168 /* Main */,
				01072F1C21DFB174002DA60F /* Setting */,
			);
			path = ViewControllers;
			sourceTree = "<group>";
		};
		0173347A2191E22600298AB1 /* UICustom */ = {
			isa = PBXGroup;
			children = (
				010B7685226605FA00CA196C /* Submisson */,
				0173347B2191E26500298AB1 /* UIBarTextField.swift */,
				01072F1F21DFBA02002DA60F /* SwitchTableViewCell.swift */,
				01072F2921E1A2CC002DA60F /* NumbersTableViewCell.swift */,
				010B27E922694BD5002E76AA /* MarginTagListView.swift */,
			);
			path = UICustom;
			sourceTree = "<group>";
		};
		01880C3621F36F4D00E8B247 /* Submission */ = {
			isa = PBXGroup;
			children = (
				01880C3721F36F8000E8B247 /* SubmissionModel.swift */,
				010D625222631AAB00376B72 /* CommentModelSet.swift */,
				010D625422631AC000376B72 /* CommentModel.swift */,
			);
			path = Submission;
			sourceTree = "<group>";
		};
		01908875219320E30038A4F4 /* Extensions */ = {
			isa = PBXGroup;
			children = (
				01038CB221D0A9AA00134308 /* UICollectionViewEx.swift */,
				01038CAF21D0A94F00134308 /* UITableViewEx.swift */,
				01908876219321250038A4F4 /* UITextFieldExt.swift */,
				01036F2421C0217900A3275F /* HTTPCookiePropertyKeyExt.swift */,
				010334E121C4FAD000CB3D15 /* UIAlertControllerExt.swift */,
				01038CBA21D0B6AB00134308 /* NSObjectEx.swift */,
				0102C90821DA2A6100C9D3AF /* StringEx.swift */,
				0102C90A21DA3F1400C9D3AF /* UIViewEx.swift */,
			);
			path = Extensions;
			sourceTree = "<group>";
		};
		01B878A92196DDCC00DB88E2 /* Utils */ = {
			isa = PBXGroup;
			children = (
				01B878AA2196DDDC00DB88E2 /* Recaptcha */,
			);
			path = Utils;
			sourceTree = "<group>";
		};
		01B878AA2196DDDC00DB88E2 /* Recaptcha */ = {
			isa = PBXGroup;
			children = (
				01B878AB2196DE1B00DB88E2 /* reCaptcha.js */,
				01B878AC2196DE1B00DB88E2 /* ReCaptcha.swift */,
			);
			path = Recaptcha;
			sourceTree = "<group>";
		};
		01E6E44E218ECAE40054F0B1 = {
			isa = PBXGroup;
			children = (
				01E6E459218ECAE40054F0B1 /* FA-NOC-iOS */,
				01E6E470218ECAE60054F0B1 /* FA-NOC-iOSTests */,
				01E6E47B218ECAE60054F0B1 /* FA-NOC-iOSUITests */,
				01E6E458218ECAE40054F0B1 /* Products */,
				576BAC79239F1F889365B14C /* Pods */,
				8838607CBE7FABE33FAD0327 /* Frameworks */,
			);
			sourceTree = "<group>";
		};
		01E6E458218ECAE40054F0B1 /* Products */ = {
			isa = PBXGroup;
			children = (
				01E6E457218ECAE40054F0B1 /* FA-NOC-iOS.app */,
				01E6E46D218ECAE60054F0B1 /* FA-NOC-iOSTests.xctest */,
				01E6E478218ECAE60054F0B1 /* FA-NOC-iOSUITests.xctest */,
			);
			name = Products;
			sourceTree = "<group>";
		};
		01E6E459218ECAE40054F0B1 /* FA-NOC-iOS */ = {
			isa = PBXGroup;
			children = (
				01E6E463218ECAE60054F0B1 /* Assets.xcassets */,
				017334662191D3BF00298AB1 /* Info */,
				017334642191D3A900298AB1 /* Storyboards */,
				017334652191D3B400298AB1 /* Sources */,
			);
			path = "FA-NOC-iOS";
			sourceTree = "<group>";
		};
		01E6E470218ECAE60054F0B1 /* FA-NOC-iOSTests */ = {
			isa = PBXGroup;
			children = (
				01E6E471218ECAE60054F0B1 /* FA_NOC_iOSTests.swift */,
				01E6E473218ECAE60054F0B1 /* Info.plist */,
			);
			path = "FA-NOC-iOSTests";
			sourceTree = "<group>";
		};
		01E6E47B218ECAE60054F0B1 /* FA-NOC-iOSUITests */ = {
			isa = PBXGroup;
			children = (
				01E6E47C218ECAE60054F0B1 /* FA_NOC_iOSUITests.swift */,
				01E6E47E218ECAE60054F0B1 /* Info.plist */,
			);
			path = "FA-NOC-iOSUITests";
			sourceTree = "<group>";
		};
		576BAC79239F1F889365B14C /* Pods */ = {
			isa = PBXGroup;
			children = (
				58303402E5F47C0966B2924E /* Pods-FA-NOC-iOS.debug.xcconfig */,
				6DFA82266C36AF6C9D9BAFE5 /* Pods-FA-NOC-iOS.release.xcconfig */,
				E36C5830B7A723DE3DE124E9 /* Pods-FA-NOC-iOSTests.debug.xcconfig */,
				F67324651713376B48CAD1A5 /* Pods-FA-NOC-iOSTests.release.xcconfig */,
				5CDD2FC6AC64214F67505B68 /* Pods-FA-NOC-iOSUITests.debug.xcconfig */,
				1611526CF0F460193595D899 /* Pods-FA-NOC-iOSUITests.release.xcconfig */,
			);
			name = Pods;
			sourceTree = "<group>";
		};
		8838607CBE7FABE33FAD0327 /* Frameworks */ = {
			isa = PBXGroup;
			children = (
				53E483AC54FE98A6E924FA38 /* Pods_FA_NOC_iOS.framework */,
				14597936013E91DFF7B56475 /* Pods_FA_NOC_iOSTests.framework */,
				8E123733BC6A456E184D2735 /* Pods_FA_NOC_iOSUITests.framework */,
			);
			name = Frameworks;
			sourceTree = "<group>";
		};
/* End PBXGroup section */

/* Begin PBXNativeTarget section */
		01E6E456218ECAE40054F0B1 /* FA-NOC-iOS */ = {
			isa = PBXNativeTarget;
			buildConfigurationList = 01E6E481218ECAE60054F0B1 /* Build configuration list for PBXNativeTarget "FA-NOC-iOS" */;
			buildPhases = (
				EC0F2ED0020E43F1AD7A4BDB /* [CP] Check Pods Manifest.lock */,
				01E6E453218ECAE40054F0B1 /* Sources */,
				01E6E454218ECAE40054F0B1 /* Frameworks */,
				01E6E455218ECAE40054F0B1 /* Resources */,
				24ECA2697A935348C71732CD /* [CP] Embed Pods Frameworks */,
				01038CAB21D065AB00134308 /* ShellScript */,
			);
			buildRules = (
			);
			dependencies = (
			);
			name = "FA-NOC-iOS";
			productName = "FA-NOC-iOS";
			productReference = 01E6E457218ECAE40054F0B1 /* FA-NOC-iOS.app */;
			productType = "com.apple.product-type.application";
		};
		01E6E46C218ECAE60054F0B1 /* FA-NOC-iOSTests */ = {
			isa = PBXNativeTarget;
			buildConfigurationList = 01E6E484218ECAE60054F0B1 /* Build configuration list for PBXNativeTarget "FA-NOC-iOSTests" */;
			buildPhases = (
				72AF753FBA7AE721CB85768C /* [CP] Check Pods Manifest.lock */,
				01E6E469218ECAE60054F0B1 /* Sources */,
				01E6E46A218ECAE60054F0B1 /* Frameworks */,
				01E6E46B218ECAE60054F0B1 /* Resources */,
				ED90CF78D78B6BF3176A2C10 /* [CP] Embed Pods Frameworks */,
			);
			buildRules = (
			);
			dependencies = (
				01E6E46F218ECAE60054F0B1 /* PBXTargetDependency */,
			);
			name = "FA-NOC-iOSTests";
			productName = "FA-NOC-iOSTests";
			productReference = 01E6E46D218ECAE60054F0B1 /* FA-NOC-iOSTests.xctest */;
			productType = "com.apple.product-type.bundle.unit-test";
		};
		01E6E477218ECAE60054F0B1 /* FA-NOC-iOSUITests */ = {
			isa = PBXNativeTarget;
			buildConfigurationList = 01E6E487218ECAE60054F0B1 /* Build configuration list for PBXNativeTarget "FA-NOC-iOSUITests" */;
			buildPhases = (
				62A57BD7453017F56E36FD45 /* [CP] Check Pods Manifest.lock */,
				01E6E474218ECAE60054F0B1 /* Sources */,
				01E6E475218ECAE60054F0B1 /* Frameworks */,
				01E6E476218ECAE60054F0B1 /* Resources */,
			);
			buildRules = (
			);
			dependencies = (
				01E6E47A218ECAE60054F0B1 /* PBXTargetDependency */,
			);
			name = "FA-NOC-iOSUITests";
			productName = "FA-NOC-iOSUITests";
			productReference = 01E6E478218ECAE60054F0B1 /* FA-NOC-iOSUITests.xctest */;
			productType = "com.apple.product-type.bundle.ui-testing";
		};
/* End PBXNativeTarget section */

/* Begin PBXProject section */
		01E6E44F218ECAE40054F0B1 /* Project object */ = {
			isa = PBXProject;
			attributes = {
				LastSwiftUpdateCheck = 1010;
				LastUpgradeCheck = 1010;
				ORGANIZATIONNAME = zenex;
				TargetAttributes = {
					01E6E456218ECAE40054F0B1 = {
						CreatedOnToolsVersion = 10.1;
						LastSwiftMigration = 1010;
					};
					01E6E46C218ECAE60054F0B1 = {
						CreatedOnToolsVersion = 10.1;
						TestTargetID = 01E6E456218ECAE40054F0B1;
					};
					01E6E477218ECAE60054F0B1 = {
						CreatedOnToolsVersion = 10.1;
						TestTargetID = 01E6E456218ECAE40054F0B1;
					};
				};
			};
			buildConfigurationList = 01E6E452218ECAE40054F0B1 /* Build configuration list for PBXProject "FA-NOC-iOS" */;
			compatibilityVersion = "Xcode 9.3";
			developmentRegion = en;
			hasScannedForEncodings = 0;
			knownRegions = (
				en,
				Base,
			);
			mainGroup = 01E6E44E218ECAE40054F0B1;
			productRefGroup = 01E6E458218ECAE40054F0B1 /* Products */;
			projectDirPath = "";
			projectRoot = "";
			targets = (
				01E6E456218ECAE40054F0B1 /* FA-NOC-iOS */,
				01E6E46C218ECAE60054F0B1 /* FA-NOC-iOSTests */,
				01E6E477218ECAE60054F0B1 /* FA-NOC-iOSUITests */,
			);
		};
/* End PBXProject section */

/* Begin PBXResourcesBuildPhase section */
		01E6E455218ECAE40054F0B1 /* Resources */ = {
			isa = PBXResourcesBuildPhase;
			buildActionMask = 2147483647;
			files = (
				01B878AE2196DE1B00DB88E2 /* reCaptcha.js in Resources */,
				017334712191D48F00298AB1 /* Submission.storyboard in Resources */,
				017334692191D40800298AB1 /* Splash.storyboard in Resources */,
				017334732191D49900298AB1 /* Note.storyboard in Resources */,
				01E6E467218ECAE60054F0B1 /* LaunchScreen.storyboard in Resources */,
				0173346B2191D43200298AB1 /* Setting.storyboard in Resources */,
				01E6E464218ECAE60054F0B1 /* Assets.xcassets in Resources */,
				01E6E462218ECAE40054F0B1 /* Main.storyboard in Resources */,
				0173346F2191D46200298AB1 /* User.storyboard in Resources */,
				01038CAD21D0A07100134308 /* InfinityGalleryCell.xib in Resources */,
				0173346D2191D44D00298AB1 /* Notification.storyboard in Resources */,
			);
			runOnlyForDeploymentPostprocessing = 0;
		};
		01E6E46B218ECAE60054F0B1 /* Resources */ = {
			isa = PBXResourcesBuildPhase;
			buildActionMask = 2147483647;
			files = (
			);
			runOnlyForDeploymentPostprocessing = 0;
		};
		01E6E476218ECAE60054F0B1 /* Resources */ = {
			isa = PBXResourcesBuildPhase;
			buildActionMask = 2147483647;
			files = (
			);
			runOnlyForDeploymentPostprocessing = 0;
		};
/* End PBXResourcesBuildPhase section */

/* Begin PBXShellScriptBuildPhase section */
		01038CAB21D065AB00134308 /* ShellScript */ = {
			isa = PBXShellScriptBuildPhase;
			buildActionMask = 2147483647;
			files = (
			);
			inputPaths = (
			);
			outputPaths = (
			);
			runOnlyForDeploymentPostprocessing = 0;
			shellPath = /bin/sh;
			shellScript = "\"${PODS_ROOT}/Fabric/run\" ff07dee7f24c0da79ab0dc91f2e8b12dc81b7a52 85f3af0941359f6c1b7eb862677e45dc16a026d137bbe1d0efa8398c3b6de214\n";
		};
		24ECA2697A935348C71732CD /* [CP] Embed Pods Frameworks */ = {
			isa = PBXShellScriptBuildPhase;
			buildActionMask = 2147483647;
			files = (
			);
			inputPaths = (
				"${SRCROOT}/Pods/Target Support Files/Pods-FA-NOC-iOS/Pods-FA-NOC-iOS-frameworks.sh",
				"${BUILT_PRODUCTS_DIR}/ActiveLabel/ActiveLabel.framework",
				"${BUILT_PRODUCTS_DIR}/Alamofire/Alamofire.framework",
				"${BUILT_PRODUCTS_DIR}/AsyncSwift/Async.framework",
				"${BUILT_PRODUCTS_DIR}/BadgeSwift/BadgeSwift.framework",
				"${BUILT_PRODUCTS_DIR}/DifferenceKit/DifferenceKit.framework",
				"${BUILT_PRODUCTS_DIR}/Differentiator/Differentiator.framework",
				"${BUILT_PRODUCTS_DIR}/Hero/Hero.framework",
				"${BUILT_PRODUCTS_DIR}/Hue/Hue.framework",
				"${BUILT_PRODUCTS_DIR}/Kingfisher/Kingfisher.framework",
				"${BUILT_PRODUCTS_DIR}/LGButton/LGButton.framework",
				"${BUILT_PRODUCTS_DIR}/NSObject+Rx/NSObject_Rx.framework",
				"${BUILT_PRODUCTS_DIR}/NewPopMenu/PopMenu.framework",
				"${BUILT_PRODUCTS_DIR}/ObjectMapper/ObjectMapper.framework",
				"${BUILT_PRODUCTS_DIR}/PKHUD/PKHUD.framework",
				"${BUILT_PRODUCTS_DIR}/Queuer/Queuer.framework",
				"${BUILT_PRODUCTS_DIR}/RxAlamofire/RxAlamofire.framework",
				"${BUILT_PRODUCTS_DIR}/RxAnimated/RxAnimated.framework",
				"${BUILT_PRODUCTS_DIR}/RxCocoa/RxCocoa.framework",
				"${BUILT_PRODUCTS_DIR}/RxDataSources/RxDataSources.framework",
				"${BUILT_PRODUCTS_DIR}/RxFlow/RxFlow.framework",
				"${BUILT_PRODUCTS_DIR}/RxGesture/RxGesture.framework",
				"${BUILT_PRODUCTS_DIR}/RxKeyboard/RxKeyboard.framework",
				"${BUILT_PRODUCTS_DIR}/RxOptional/RxOptional.framework",
				"${BUILT_PRODUCTS_DIR}/RxSwift/RxSwift.framework",
				"${BUILT_PRODUCTS_DIR}/SkeletonView/SkeletonView.framework",
				"${BUILT_PRODUCTS_DIR}/SnapKit/SnapKit.framework",
				"${BUILT_PRODUCTS_DIR}/SwiftDate/SwiftDate.framework",
				"${BUILT_PRODUCTS_DIR}/SwiftMessages/SwiftMessages.framework",
				"${BUILT_PRODUCTS_DIR}/SwiftSoup/SwiftSoup.framework",
				"${BUILT_PRODUCTS_DIR}/SwiftyJSON/SwiftyJSON.framework",
				"${BUILT_PRODUCTS_DIR}/TagListView/TagListView.framework",
				"${BUILT_PRODUCTS_DIR}/WeakableSelf/WeakableSelf.framework",
			);
			name = "[CP] Embed Pods Frameworks";
			outputPaths = (
				"${TARGET_BUILD_DIR}/${FRAMEWORKS_FOLDER_PATH}/ActiveLabel.framework",
				"${TARGET_BUILD_DIR}/${FRAMEWORKS_FOLDER_PATH}/Alamofire.framework",
				"${TARGET_BUILD_DIR}/${FRAMEWORKS_FOLDER_PATH}/Async.framework",
				"${TARGET_BUILD_DIR}/${FRAMEWORKS_FOLDER_PATH}/BadgeSwift.framework",
				"${TARGET_BUILD_DIR}/${FRAMEWORKS_FOLDER_PATH}/DifferenceKit.framework",
				"${TARGET_BUILD_DIR}/${FRAMEWORKS_FOLDER_PATH}/Differentiator.framework",
				"${TARGET_BUILD_DIR}/${FRAMEWORKS_FOLDER_PATH}/Hero.framework",
				"${TARGET_BUILD_DIR}/${FRAMEWORKS_FOLDER_PATH}/Hue.framework",
				"${TARGET_BUILD_DIR}/${FRAMEWORKS_FOLDER_PATH}/Kingfisher.framework",
				"${TARGET_BUILD_DIR}/${FRAMEWORKS_FOLDER_PATH}/LGButton.framework",
				"${TARGET_BUILD_DIR}/${FRAMEWORKS_FOLDER_PATH}/NSObject_Rx.framework",
				"${TARGET_BUILD_DIR}/${FRAMEWORKS_FOLDER_PATH}/PopMenu.framework",
				"${TARGET_BUILD_DIR}/${FRAMEWORKS_FOLDER_PATH}/ObjectMapper.framework",
				"${TARGET_BUILD_DIR}/${FRAMEWORKS_FOLDER_PATH}/PKHUD.framework",
				"${TARGET_BUILD_DIR}/${FRAMEWORKS_FOLDER_PATH}/Queuer.framework",
				"${TARGET_BUILD_DIR}/${FRAMEWORKS_FOLDER_PATH}/RxAlamofire.framework",
				"${TARGET_BUILD_DIR}/${FRAMEWORKS_FOLDER_PATH}/RxAnimated.framework",
				"${TARGET_BUILD_DIR}/${FRAMEWORKS_FOLDER_PATH}/RxCocoa.framework",
				"${TARGET_BUILD_DIR}/${FRAMEWORKS_FOLDER_PATH}/RxDataSources.framework",
				"${TARGET_BUILD_DIR}/${FRAMEWORKS_FOLDER_PATH}/RxFlow.framework",
				"${TARGET_BUILD_DIR}/${FRAMEWORKS_FOLDER_PATH}/RxGesture.framework",
				"${TARGET_BUILD_DIR}/${FRAMEWORKS_FOLDER_PATH}/RxKeyboard.framework",
				"${TARGET_BUILD_DIR}/${FRAMEWORKS_FOLDER_PATH}/RxOptional.framework",
				"${TARGET_BUILD_DIR}/${FRAMEWORKS_FOLDER_PATH}/RxSwift.framework",
				"${TARGET_BUILD_DIR}/${FRAMEWORKS_FOLDER_PATH}/SkeletonView.framework",
				"${TARGET_BUILD_DIR}/${FRAMEWORKS_FOLDER_PATH}/SnapKit.framework",
				"${TARGET_BUILD_DIR}/${FRAMEWORKS_FOLDER_PATH}/SwiftDate.framework",
				"${TARGET_BUILD_DIR}/${FRAMEWORKS_FOLDER_PATH}/SwiftMessages.framework",
				"${TARGET_BUILD_DIR}/${FRAMEWORKS_FOLDER_PATH}/SwiftSoup.framework",
				"${TARGET_BUILD_DIR}/${FRAMEWORKS_FOLDER_PATH}/SwiftyJSON.framework",
				"${TARGET_BUILD_DIR}/${FRAMEWORKS_FOLDER_PATH}/TagListView.framework",
				"${TARGET_BUILD_DIR}/${FRAMEWORKS_FOLDER_PATH}/WeakableSelf.framework",
			);
			runOnlyForDeploymentPostprocessing = 0;
			shellPath = /bin/sh;
			shellScript = "\"${SRCROOT}/Pods/Target Support Files/Pods-FA-NOC-iOS/Pods-FA-NOC-iOS-frameworks.sh\"\n";
			showEnvVarsInLog = 0;
		};
		62A57BD7453017F56E36FD45 /* [CP] Check Pods Manifest.lock */ = {
			isa = PBXShellScriptBuildPhase;
			buildActionMask = 2147483647;
			files = (
			);
			inputPaths = (
				"${PODS_PODFILE_DIR_PATH}/Podfile.lock",
				"${PODS_ROOT}/Manifest.lock",
			);
			name = "[CP] Check Pods Manifest.lock";
			outputPaths = (
				"$(DERIVED_FILE_DIR)/Pods-FA-NOC-iOSUITests-checkManifestLockResult.txt",
			);
			runOnlyForDeploymentPostprocessing = 0;
			shellPath = /bin/sh;
			shellScript = "diff \"${PODS_PODFILE_DIR_PATH}/Podfile.lock\" \"${PODS_ROOT}/Manifest.lock\" > /dev/null\nif [ $? != 0 ] ; then\n    # print error to STDERR\n    echo \"error: The sandbox is not in sync with the Podfile.lock. Run 'pod install' or update your CocoaPods installation.\" >&2\n    exit 1\nfi\n# This output is used by Xcode 'outputs' to avoid re-running this script phase.\necho \"SUCCESS\" > \"${SCRIPT_OUTPUT_FILE_0}\"\n";
			showEnvVarsInLog = 0;
		};
		72AF753FBA7AE721CB85768C /* [CP] Check Pods Manifest.lock */ = {
			isa = PBXShellScriptBuildPhase;
			buildActionMask = 2147483647;
			files = (
			);
			inputPaths = (
				"${PODS_PODFILE_DIR_PATH}/Podfile.lock",
				"${PODS_ROOT}/Manifest.lock",
			);
			name = "[CP] Check Pods Manifest.lock";
			outputPaths = (
				"$(DERIVED_FILE_DIR)/Pods-FA-NOC-iOSTests-checkManifestLockResult.txt",
			);
			runOnlyForDeploymentPostprocessing = 0;
			shellPath = /bin/sh;
			shellScript = "diff \"${PODS_PODFILE_DIR_PATH}/Podfile.lock\" \"${PODS_ROOT}/Manifest.lock\" > /dev/null\nif [ $? != 0 ] ; then\n    # print error to STDERR\n    echo \"error: The sandbox is not in sync with the Podfile.lock. Run 'pod install' or update your CocoaPods installation.\" >&2\n    exit 1\nfi\n# This output is used by Xcode 'outputs' to avoid re-running this script phase.\necho \"SUCCESS\" > \"${SCRIPT_OUTPUT_FILE_0}\"\n";
			showEnvVarsInLog = 0;
		};
		EC0F2ED0020E43F1AD7A4BDB /* [CP] Check Pods Manifest.lock */ = {
			isa = PBXShellScriptBuildPhase;
			buildActionMask = 2147483647;
			files = (
			);
			inputPaths = (
				"${PODS_PODFILE_DIR_PATH}/Podfile.lock",
				"${PODS_ROOT}/Manifest.lock",
			);
			name = "[CP] Check Pods Manifest.lock";
			outputPaths = (
				"$(DERIVED_FILE_DIR)/Pods-FA-NOC-iOS-checkManifestLockResult.txt",
			);
			runOnlyForDeploymentPostprocessing = 0;
			shellPath = /bin/sh;
			shellScript = "diff \"${PODS_PODFILE_DIR_PATH}/Podfile.lock\" \"${PODS_ROOT}/Manifest.lock\" > /dev/null\nif [ $? != 0 ] ; then\n    # print error to STDERR\n    echo \"error: The sandbox is not in sync with the Podfile.lock. Run 'pod install' or update your CocoaPods installation.\" >&2\n    exit 1\nfi\n# This output is used by Xcode 'outputs' to avoid re-running this script phase.\necho \"SUCCESS\" > \"${SCRIPT_OUTPUT_FILE_0}\"\n";
			showEnvVarsInLog = 0;
		};
		ED90CF78D78B6BF3176A2C10 /* [CP] Embed Pods Frameworks */ = {
			isa = PBXShellScriptBuildPhase;
			buildActionMask = 2147483647;
			files = (
			);
			inputPaths = (
				"${SRCROOT}/Pods/Target Support Files/Pods-FA-NOC-iOSTests/Pods-FA-NOC-iOSTests-frameworks.sh",
				"${BUILT_PRODUCTS_DIR}/Mockingjay/Mockingjay.framework",
				"${BUILT_PRODUCTS_DIR}/Nimble/Nimble.framework",
				"${BUILT_PRODUCTS_DIR}/Quick/Quick.framework",
				"${BUILT_PRODUCTS_DIR}/Swinject/Swinject.framework",
				"${BUILT_PRODUCTS_DIR}/URITemplate/URITemplate.framework",
			);
			name = "[CP] Embed Pods Frameworks";
			outputPaths = (
				"${TARGET_BUILD_DIR}/${FRAMEWORKS_FOLDER_PATH}/Mockingjay.framework",
				"${TARGET_BUILD_DIR}/${FRAMEWORKS_FOLDER_PATH}/Nimble.framework",
				"${TARGET_BUILD_DIR}/${FRAMEWORKS_FOLDER_PATH}/Quick.framework",
				"${TARGET_BUILD_DIR}/${FRAMEWORKS_FOLDER_PATH}/Swinject.framework",
				"${TARGET_BUILD_DIR}/${FRAMEWORKS_FOLDER_PATH}/URITemplate.framework",
			);
			runOnlyForDeploymentPostprocessing = 0;
			shellPath = /bin/sh;
			shellScript = "\"${SRCROOT}/Pods/Target Support Files/Pods-FA-NOC-iOSTests/Pods-FA-NOC-iOSTests-frameworks.sh\"\n";
			showEnvVarsInLog = 0;
		};
/* End PBXShellScriptBuildPhase section */

/* Begin PBXSourcesBuildPhase section */
		01E6E453218ECAE40054F0B1 /* Sources */ = {
			isa = PBXSourcesBuildPhase;
			buildActionMask = 2147483647;
			files = (
				01038CBB21D0B6AB00134308 /* NSObjectEx.swift in Sources */,
				01038CBD21D11D7900134308 /* GalleryItemModel.swift in Sources */,
				010D62492261E2E800376B72 /* SubmissionViewController.swift in Sources */,
				012C6B4D21C9355A00D15168 /* MainMyPageViewController.swift in Sources */,
				01072F2C21E1C155002DA60F /* Queue.swift in Sources */,
				01036F2521C0217900A3275F /* HTTPCookiePropertyKeyExt.swift in Sources */,
				010D625522631AC000376B72 /* CommentModel.swift in Sources */,
				01072F2421E06A0B002DA60F /* BrowseRequestModel.swift in Sources */,
				010334DE21C4E40400CB3D15 /* LoginModel.swift in Sources */,
				01072F2A21E1A2CC002DA60F /* NumbersTableViewCell.swift in Sources */,
				01072F2021DFBA02002DA60F /* SwitchTableViewCell.swift in Sources */,
				01908877219321250038A4F4 /* UITextFieldExt.swift in Sources */,
				010334E221C4FAD000CB3D15 /* UIAlertControllerExt.swift in Sources */,
				01038CB321D0A9AA00134308 /* UICollectionViewEx.swift in Sources */,
				010B768922660C0D00CA196C /* ImageCell.swift in Sources */,
				01038CB921D0B5CA00134308 /* InfinityGalleryCell.swift in Sources */,
				01361D0621C299B900E1B3F4 /* BaseViewController.swift in Sources */,
				012C6B5821C93B9B00D15168 /* MainBaseViewController.swift in Sources */,
				0140696E226C890E000154D7 /* ImageViewerViewController.swift in Sources */,
				01880C3821F36F8000E8B247 /* SubmissionModel.swift in Sources */,
				01B878AF2196DE1B00DB88E2 /* ReCaptcha.swift in Sources */,
				017334792191DDC900298AB1 /* LoginViewController.swift in Sources */,
				012C6B5A21CA6A1900D15168 /* Settings.swift in Sources */,
				013C801F21E1C463003C8CBB /* Scheduler.swift in Sources */,
				010D625322631AAB00376B72 /* CommentModelSet.swift in Sources */,
				0102C90D21DA59FE00C9D3AF /* InfinityCollectionViewLayout.swift in Sources */,
				012C6B4F21C9356D00D15168 /* MainNotificationsViewController.swift in Sources */,
				010B768D22660F2F00CA196C /* ContentCell.swift in Sources */,
				012C6B5121C9357A00D15168 /* MainSubmissionsViewController.swift in Sources */,
				010D62462261E19700376B72 /* UIViewLoadProtocol.swift in Sources */,
				01038CB121D0A94F00134308 /* UITableViewEx.swift in Sources */,
				01E6E45B218ECAE40054F0B1 /* AppDelegate.swift in Sources */,
				01361D0C21C2B93200E1B3F4 /* Service.swift in Sources */,
				012C6B3121C8CF5700D15168 /* Theme.swift in Sources */,
				01072F2621E07017002DA60F /* LoginRequestModel.swift in Sources */,
				010D62452261E19700376B72 /* UIViewControllerLoadProtocol.swift in Sources */,
				013C802521E1C6E2003C8CBB /* ImageLoadScheduler.swift in Sources */,
				01B6365721B6A2CE00991B6F /* API.swift in Sources */,
				012C6B4921C9352A00D15168 /* MainSearchViewController.swift in Sources */,
				01072F2821E076C1002DA60F /* SettingModel.swift in Sources */,
				010B76872266063900CA196C /* CommentCell.swift in Sources */,
				01B6365021B6A17100991B6F /* Parser.swift in Sources */,
				01B6365521B6A20000991B6F /* Session.swift in Sources */,
				01072F1E21DFB1A0002DA60F /* SettingTableViewController.swift in Sources */,
				01038CBF21D1288000134308 /* InfinityCollectionViewCell.swift in Sources */,
				0102C90B21DA3F1400C9D3AF /* UIViewEx.swift in Sources */,
				017334772191DD3400298AB1 /* SplashViewController.swift in Sources */,
				01038CB521D0AF7D00134308 /* InfinityGallery.swift in Sources */,
				010B768B22660DF600CA196C /* InfoCell.swift in Sources */,
				0102C90921DA2A6100C9D3AF /* StringEx.swift in Sources */,
				012C6B4B21C9354000D15168 /* MainBrowseViewController.swift in Sources */,
				010B768F22660F7E00CA196C /* SubmissionCellProtocol.swift in Sources */,
				01072F2221DFC15A002DA60F /* SettingDetailTableViewController.swift in Sources */,
				010B27EA22694BD5002E76AA /* MarginTagListView.swift in Sources */,
				0173347C2191E26500298AB1 /* UIBarTextField.swift in Sources */,
				010B76912266116900CA196C /* KeywordsCell.swift in Sources */,
				01361D0A21C29F3B00E1B3F4 /* Parameters.swift in Sources */,
				012C6B5621C93B1700D15168 /* InfinityCollectionView.swift in Sources */,
				01072F1B21DF9AD7002DA60F /* GalleryPlaceholder.swift in Sources */,
				012C6B4721C9348900D15168 /* MainTabBarController.swift in Sources */,
			);
			runOnlyForDeploymentPostprocessing = 0;
		};
		01E6E469218ECAE60054F0B1 /* Sources */ = {
			isa = PBXSourcesBuildPhase;
			buildActionMask = 2147483647;
			files = (
				01E6E472218ECAE60054F0B1 /* FA_NOC_iOSTests.swift in Sources */,
			);
			runOnlyForDeploymentPostprocessing = 0;
		};
		01E6E474218ECAE60054F0B1 /* Sources */ = {
			isa = PBXSourcesBuildPhase;
			buildActionMask = 2147483647;
			files = (
				01E6E47D218ECAE60054F0B1 /* FA_NOC_iOSUITests.swift in Sources */,
			);
			runOnlyForDeploymentPostprocessing = 0;
		};
/* End PBXSourcesBuildPhase section */

/* Begin PBXTargetDependency section */
		01E6E46F218ECAE60054F0B1 /* PBXTargetDependency */ = {
			isa = PBXTargetDependency;
			target = 01E6E456218ECAE40054F0B1 /* FA-NOC-iOS */;
			targetProxy = 01E6E46E218ECAE60054F0B1 /* PBXContainerItemProxy */;
		};
		01E6E47A218ECAE60054F0B1 /* PBXTargetDependency */ = {
			isa = PBXTargetDependency;
			target = 01E6E456218ECAE40054F0B1 /* FA-NOC-iOS */;
			targetProxy = 01E6E479218ECAE60054F0B1 /* PBXContainerItemProxy */;
		};
/* End PBXTargetDependency section */

/* Begin PBXVariantGroup section */
		01E6E460218ECAE40054F0B1 /* Main.storyboard */ = {
			isa = PBXVariantGroup;
			children = (
				01E6E461218ECAE40054F0B1 /* Base */,
			);
			name = Main.storyboard;
			sourceTree = "<group>";
		};
		01E6E465218ECAE60054F0B1 /* LaunchScreen.storyboard */ = {
			isa = PBXVariantGroup;
			children = (
				01E6E466218ECAE60054F0B1 /* Base */,
			);
			name = LaunchScreen.storyboard;
			sourceTree = "<group>";
		};
/* End PBXVariantGroup section */

/* Begin XCBuildConfiguration section */
		01E6E47F218ECAE60054F0B1 /* Debug */ = {
			isa = XCBuildConfiguration;
			buildSettings = {
				ALWAYS_SEARCH_USER_PATHS = NO;
				CLANG_ANALYZER_NONNULL = YES;
				CLANG_ANALYZER_NUMBER_OBJECT_CONVERSION = YES_AGGRESSIVE;
				CLANG_CXX_LANGUAGE_STANDARD = "gnu++14";
				CLANG_CXX_LIBRARY = "libc++";
				CLANG_ENABLE_MODULES = YES;
				CLANG_ENABLE_OBJC_ARC = YES;
				CLANG_ENABLE_OBJC_WEAK = YES;
				CLANG_WARN_BLOCK_CAPTURE_AUTORELEASING = YES;
				CLANG_WARN_BOOL_CONVERSION = YES;
				CLANG_WARN_COMMA = YES;
				CLANG_WARN_CONSTANT_CONVERSION = YES;
				CLANG_WARN_DEPRECATED_OBJC_IMPLEMENTATIONS = YES;
				CLANG_WARN_DIRECT_OBJC_ISA_USAGE = YES_ERROR;
				CLANG_WARN_DOCUMENTATION_COMMENTS = YES;
				CLANG_WARN_EMPTY_BODY = YES;
				CLANG_WARN_ENUM_CONVERSION = YES;
				CLANG_WARN_INFINITE_RECURSION = YES;
				CLANG_WARN_INT_CONVERSION = YES;
				CLANG_WARN_NON_LITERAL_NULL_CONVERSION = YES;
				CLANG_WARN_OBJC_IMPLICIT_RETAIN_SELF = YES;
				CLANG_WARN_OBJC_LITERAL_CONVERSION = YES;
				CLANG_WARN_OBJC_ROOT_CLASS = YES_ERROR;
				CLANG_WARN_RANGE_LOOP_ANALYSIS = YES;
				CLANG_WARN_STRICT_PROTOTYPES = YES;
				CLANG_WARN_SUSPICIOUS_MOVE = YES;
				CLANG_WARN_UNGUARDED_AVAILABILITY = YES_AGGRESSIVE;
				CLANG_WARN_UNREACHABLE_CODE = YES;
				CLANG_WARN__DUPLICATE_METHOD_MATCH = YES;
				CODE_SIGN_IDENTITY = "iPhone Developer";
				COPY_PHASE_STRIP = NO;
				DEBUG_INFORMATION_FORMAT = dwarf;
				ENABLE_STRICT_OBJC_MSGSEND = YES;
				ENABLE_TESTABILITY = YES;
				GCC_C_LANGUAGE_STANDARD = gnu11;
				GCC_DYNAMIC_NO_PIC = NO;
				GCC_NO_COMMON_BLOCKS = YES;
				GCC_OPTIMIZATION_LEVEL = 0;
				GCC_PREPROCESSOR_DEFINITIONS = (
					"DEBUG=1",
					"$(inherited)",
				);
				GCC_WARN_64_TO_32_BIT_CONVERSION = YES;
				GCC_WARN_ABOUT_RETURN_TYPE = YES_ERROR;
				GCC_WARN_UNDECLARED_SELECTOR = YES;
				GCC_WARN_UNINITIALIZED_AUTOS = YES_AGGRESSIVE;
				GCC_WARN_UNUSED_FUNCTION = YES;
				GCC_WARN_UNUSED_VARIABLE = YES;
				IPHONEOS_DEPLOYMENT_TARGET = 10.0;
				MTL_ENABLE_DEBUG_INFO = INCLUDE_SOURCE;
				MTL_FAST_MATH = YES;
				ONLY_ACTIVE_ARCH = YES;
				SDKROOT = iphoneos;
				SWIFT_ACTIVE_COMPILATION_CONDITIONS = DEBUG;
				SWIFT_OPTIMIZATION_LEVEL = "-Onone";
				SWIFT_VERSION = 4.2;
			};
			name = Debug;
		};
		01E6E480218ECAE60054F0B1 /* Release */ = {
			isa = XCBuildConfiguration;
			buildSettings = {
				ALWAYS_SEARCH_USER_PATHS = NO;
				CLANG_ANALYZER_NONNULL = YES;
				CLANG_ANALYZER_NUMBER_OBJECT_CONVERSION = YES_AGGRESSIVE;
				CLANG_CXX_LANGUAGE_STANDARD = "gnu++14";
				CLANG_CXX_LIBRARY = "libc++";
				CLANG_ENABLE_MODULES = YES;
				CLANG_ENABLE_OBJC_ARC = YES;
				CLANG_ENABLE_OBJC_WEAK = YES;
				CLANG_WARN_BLOCK_CAPTURE_AUTORELEASING = YES;
				CLANG_WARN_BOOL_CONVERSION = YES;
				CLANG_WARN_COMMA = YES;
				CLANG_WARN_CONSTANT_CONVERSION = YES;
				CLANG_WARN_DEPRECATED_OBJC_IMPLEMENTATIONS = YES;
				CLANG_WARN_DIRECT_OBJC_ISA_USAGE = YES_ERROR;
				CLANG_WARN_DOCUMENTATION_COMMENTS = YES;
				CLANG_WARN_EMPTY_BODY = YES;
				CLANG_WARN_ENUM_CONVERSION = YES;
				CLANG_WARN_INFINITE_RECURSION = YES;
				CLANG_WARN_INT_CONVERSION = YES;
				CLANG_WARN_NON_LITERAL_NULL_CONVERSION = YES;
				CLANG_WARN_OBJC_IMPLICIT_RETAIN_SELF = YES;
				CLANG_WARN_OBJC_LITERAL_CONVERSION = YES;
				CLANG_WARN_OBJC_ROOT_CLASS = YES_ERROR;
				CLANG_WARN_RANGE_LOOP_ANALYSIS = YES;
				CLANG_WARN_STRICT_PROTOTYPES = YES;
				CLANG_WARN_SUSPICIOUS_MOVE = YES;
				CLANG_WARN_UNGUARDED_AVAILABILITY = YES_AGGRESSIVE;
				CLANG_WARN_UNREACHABLE_CODE = YES;
				CLANG_WARN__DUPLICATE_METHOD_MATCH = YES;
				CODE_SIGN_IDENTITY = "iPhone Developer";
				COPY_PHASE_STRIP = NO;
				DEBUG_INFORMATION_FORMAT = "dwarf-with-dsym";
				ENABLE_NS_ASSERTIONS = NO;
				ENABLE_STRICT_OBJC_MSGSEND = YES;
				GCC_C_LANGUAGE_STANDARD = gnu11;
				GCC_NO_COMMON_BLOCKS = YES;
				GCC_WARN_64_TO_32_BIT_CONVERSION = YES;
				GCC_WARN_ABOUT_RETURN_TYPE = YES_ERROR;
				GCC_WARN_UNDECLARED_SELECTOR = YES;
				GCC_WARN_UNINITIALIZED_AUTOS = YES_AGGRESSIVE;
				GCC_WARN_UNUSED_FUNCTION = YES;
				GCC_WARN_UNUSED_VARIABLE = YES;
				IPHONEOS_DEPLOYMENT_TARGET = 10.0;
				MTL_ENABLE_DEBUG_INFO = NO;
				MTL_FAST_MATH = YES;
				SDKROOT = iphoneos;
				SWIFT_COMPILATION_MODE = wholemodule;
				SWIFT_OPTIMIZATION_LEVEL = "-O";
				SWIFT_VERSION = 4.2;
				VALIDATE_PRODUCT = YES;
			};
			name = Release;
		};
		01E6E482218ECAE60054F0B1 /* Debug */ = {
			isa = XCBuildConfiguration;
			baseConfigurationReference = 58303402E5F47C0966B2924E /* Pods-FA-NOC-iOS.debug.xcconfig */;
			buildSettings = {
				ASSETCATALOG_COMPILER_APPICON_NAME = AppIcon;
				CODE_SIGN_IDENTITY = "iPhone Developer";
				CODE_SIGN_STYLE = Automatic;
				DEVELOPMENT_TEAM = 8433F85XY6;
				INFOPLIST_FILE = "$(SRCROOT)/FA-NOC-iOS/Info/Info.plist";
				IPHONEOS_DEPLOYMENT_TARGET = 12.0;
				LD_RUNPATH_SEARCH_PATHS = (
					"$(inherited)",
					"@executable_path/Frameworks",
				);
				PRODUCT_BUNDLE_IDENTIFIER = "com.zenex.FA-NOC-iOS";
				PRODUCT_NAME = "$(TARGET_NAME)";
				PROVISIONING_PROFILE_SPECIFIER = "";
				SWIFT_VERSION = 4.2;
				TARGETED_DEVICE_FAMILY = "1,2";
			};
			name = Debug;
		};
		01E6E483218ECAE60054F0B1 /* Release */ = {
			isa = XCBuildConfiguration;
			baseConfigurationReference = 6DFA82266C36AF6C9D9BAFE5 /* Pods-FA-NOC-iOS.release.xcconfig */;
			buildSettings = {
				ASSETCATALOG_COMPILER_APPICON_NAME = AppIcon;
				CODE_SIGN_IDENTITY = "iPhone Developer";
				CODE_SIGN_STYLE = Automatic;
				DEVELOPMENT_TEAM = 8433F85XY6;
				INFOPLIST_FILE = "$(SRCROOT)/FA-NOC-iOS/Info/Info.plist";
				IPHONEOS_DEPLOYMENT_TARGET = 12.0;
				LD_RUNPATH_SEARCH_PATHS = (
					"$(inherited)",
					"@executable_path/Frameworks",
				);
				PRODUCT_BUNDLE_IDENTIFIER = "com.zenex.FA-NOC-iOS";
				PRODUCT_NAME = "$(TARGET_NAME)";
				PROVISIONING_PROFILE_SPECIFIER = "";
				SWIFT_VERSION = 4.2;
				TARGETED_DEVICE_FAMILY = "1,2";
			};
			name = Release;
		};
		01E6E485218ECAE60054F0B1 /* Debug */ = {
			isa = XCBuildConfiguration;
			baseConfigurationReference = E36C5830B7A723DE3DE124E9 /* Pods-FA-NOC-iOSTests.debug.xcconfig */;
			buildSettings = {
				ALWAYS_EMBED_SWIFT_STANDARD_LIBRARIES = YES;
				BUNDLE_LOADER = "$(TEST_HOST)";
				CODE_SIGN_STYLE = Automatic;
				DEVELOPMENT_TEAM = 8433F85XY6;
				INFOPLIST_FILE = "FA-NOC-iOSTests/Info.plist";
				LD_RUNPATH_SEARCH_PATHS = (
					"$(inherited)",
					"@executable_path/Frameworks",
					"@loader_path/Frameworks",
				);
				PRODUCT_BUNDLE_IDENTIFIER = "com.zenex.FA-NOC-iOSTests";
				PRODUCT_NAME = "$(TARGET_NAME)";
				SWIFT_VERSION = 4.2;
				TARGETED_DEVICE_FAMILY = "1,2";
				TEST_HOST = "$(BUILT_PRODUCTS_DIR)/FA-NOC-iOS.app/FA-NOC-iOS";
			};
			name = Debug;
		};
		01E6E486218ECAE60054F0B1 /* Release */ = {
			isa = XCBuildConfiguration;
			baseConfigurationReference = F67324651713376B48CAD1A5 /* Pods-FA-NOC-iOSTests.release.xcconfig */;
			buildSettings = {
				ALWAYS_EMBED_SWIFT_STANDARD_LIBRARIES = YES;
				BUNDLE_LOADER = "$(TEST_HOST)";
				CODE_SIGN_STYLE = Automatic;
				DEVELOPMENT_TEAM = 8433F85XY6;
				INFOPLIST_FILE = "FA-NOC-iOSTests/Info.plist";
				LD_RUNPATH_SEARCH_PATHS = (
					"$(inherited)",
					"@executable_path/Frameworks",
					"@loader_path/Frameworks",
				);
				PRODUCT_BUNDLE_IDENTIFIER = "com.zenex.FA-NOC-iOSTests";
				PRODUCT_NAME = "$(TARGET_NAME)";
				SWIFT_VERSION = 4.2;
				TARGETED_DEVICE_FAMILY = "1,2";
				TEST_HOST = "$(BUILT_PRODUCTS_DIR)/FA-NOC-iOS.app/FA-NOC-iOS";
			};
			name = Release;
		};
		01E6E488218ECAE60054F0B1 /* Debug */ = {
			isa = XCBuildConfiguration;
			baseConfigurationReference = 5CDD2FC6AC64214F67505B68 /* Pods-FA-NOC-iOSUITests.debug.xcconfig */;
			buildSettings = {
				ALWAYS_EMBED_SWIFT_STANDARD_LIBRARIES = YES;
				CODE_SIGN_STYLE = Automatic;
				DEVELOPMENT_TEAM = 8433F85XY6;
				INFOPLIST_FILE = "FA-NOC-iOSUITests/Info.plist";
				LD_RUNPATH_SEARCH_PATHS = (
					"$(inherited)",
					"@executable_path/Frameworks",
					"@loader_path/Frameworks",
				);
				PRODUCT_BUNDLE_IDENTIFIER = "com.zenex.FA-NOC-iOSUITests";
				PRODUCT_NAME = "$(TARGET_NAME)";
				SWIFT_VERSION = 4.2;
				TARGETED_DEVICE_FAMILY = "1,2";
				TEST_TARGET_NAME = "FA-NOC-iOS";
			};
			name = Debug;
		};
		01E6E489218ECAE60054F0B1 /* Release */ = {
			isa = XCBuildConfiguration;
			baseConfigurationReference = 1611526CF0F460193595D899 /* Pods-FA-NOC-iOSUITests.release.xcconfig */;
			buildSettings = {
				ALWAYS_EMBED_SWIFT_STANDARD_LIBRARIES = YES;
				CODE_SIGN_STYLE = Automatic;
				DEVELOPMENT_TEAM = 8433F85XY6;
				INFOPLIST_FILE = "FA-NOC-iOSUITests/Info.plist";
				LD_RUNPATH_SEARCH_PATHS = (
					"$(inherited)",
					"@executable_path/Frameworks",
					"@loader_path/Frameworks",
				);
				PRODUCT_BUNDLE_IDENTIFIER = "com.zenex.FA-NOC-iOSUITests";
				PRODUCT_NAME = "$(TARGET_NAME)";
				SWIFT_VERSION = 4.2;
				TARGETED_DEVICE_FAMILY = "1,2";
				TEST_TARGET_NAME = "FA-NOC-iOS";
			};
			name = Release;
		};
/* End XCBuildConfiguration section */

/* Begin XCConfigurationList section */
		01E6E452218ECAE40054F0B1 /* Build configuration list for PBXProject "FA-NOC-iOS" */ = {
			isa = XCConfigurationList;
			buildConfigurations = (
				01E6E47F218ECAE60054F0B1 /* Debug */,
				01E6E480218ECAE60054F0B1 /* Release */,
			);
			defaultConfigurationIsVisible = 0;
			defaultConfigurationName = Release;
		};
		01E6E481218ECAE60054F0B1 /* Build configuration list for PBXNativeTarget "FA-NOC-iOS" */ = {
			isa = XCConfigurationList;
			buildConfigurations = (
				01E6E482218ECAE60054F0B1 /* Debug */,
				01E6E483218ECAE60054F0B1 /* Release */,
			);
			defaultConfigurationIsVisible = 0;
			defaultConfigurationName = Release;
		};
		01E6E484218ECAE60054F0B1 /* Build configuration list for PBXNativeTarget "FA-NOC-iOSTests" */ = {
			isa = XCConfigurationList;
			buildConfigurations = (
				01E6E485218ECAE60054F0B1 /* Debug */,
				01E6E486218ECAE60054F0B1 /* Release */,
			);
			defaultConfigurationIsVisible = 0;
			defaultConfigurationName = Release;
		};
		01E6E487218ECAE60054F0B1 /* Build configuration list for PBXNativeTarget "FA-NOC-iOSUITests" */ = {
			isa = XCConfigurationList;
			buildConfigurations = (
				01E6E488218ECAE60054F0B1 /* Debug */,
				01E6E489218ECAE60054F0B1 /* Release */,
			);
			defaultConfigurationIsVisible = 0;
			defaultConfigurationName = Release;
		};
/* End XCConfigurationList section */
	};
	rootObject = 01E6E44F218ECAE40054F0B1 /* Project object */;
}
